// !$*UTF8*$!
{
	archiveVersion = 1;
	classes = {
	};
	objectVersion = 48;
	objects = {

/* Begin PBXBuildFile section */
		0476E4F9FFF99A10D02F1BB7 /* Pods_Project_Version_0_1.framework in Frameworks */ = {isa = PBXBuildFile; fileRef = BF2EAC58EB2B78FDCBF4F5D0 /* Pods_Project_Version_0_1.framework */; };
		A71811DE1FEA16B900771EE5 /* gloriahallelujah.ttf in Resources */ = {isa = PBXBuildFile; fileRef = A71811DC1FEA16B900771EE5 /* gloriahallelujah.ttf */; };
		A71811DF1FEA16B900771EE5 /* KGFonts-TOU.txt in Resources */ = {isa = PBXBuildFile; fileRef = A71811DD1FEA16B900771EE5 /* KGFonts-TOU.txt */; };
		A7194DB01FEA1FF700586038 /* guidance_step1_ViewController.swift in Sources */ = {isa = PBXBuildFile; fileRef = A7194DAF1FEA1FF700586038 /* guidance_step1_ViewController.swift */; };
		A7194DB31FEA214D00586038 /* shake_phone.png in Resources */ = {isa = PBXBuildFile; fileRef = A7194DB21FEA214C00586038 /* shake_phone.png */; };
		A7194DB51FEA21ED00586038 /* shake.png in Resources */ = {isa = PBXBuildFile; fileRef = A7194DB41FEA21EC00586038 /* shake.png */; };
		A7194DB71FEA224D00586038 /* right-drawn-arrow_white.png in Resources */ = {isa = PBXBuildFile; fileRef = A7194DB61FEA224D00586038 /* right-drawn-arrow_white.png */; };
		A7194DB91FEA231700586038 /* guidance_step2_ViewController.swift in Sources */ = {isa = PBXBuildFile; fileRef = A7194DB81FEA231700586038 /* guidance_step2_ViewController.swift */; };
		A7194DBB1FEA4BEE00586038 /* deneme_2_ViewController.swift in Sources */ = {isa = PBXBuildFile; fileRef = A7194DBA1FEA4BEE00586038 /* deneme_2_ViewController.swift */; };
		A7194DBD1FED036E00586038 /* PinTextDataViewController.swift in Sources */ = {isa = PBXBuildFile; fileRef = A7194DBC1FED036E00586038 /* PinTextDataViewController.swift */; };
		A71B49FE1FD3112400B69E71 /* camera_icon_new.png in Resources */ = {isa = PBXBuildFile; fileRef = A71B49FD1FD3112400B69E71 /* camera_icon_new.png */; };
		A71BDC4D1FDF1EA80059EE43 /* error@2x.png in Resources */ = {isa = PBXBuildFile; fileRef = A71BDC4C1FDF1EA80059EE43 /* error@2x.png */; };
		A72705C11FC885B8006C2504 /* MainPageViewController.swift in Sources */ = {isa = PBXBuildFile; fileRef = A72705C01FC885B8006C2504 /* MainPageViewController.swift */; };
		A72705C31FC8973F006C2504 /* NavigationBarController.swift in Sources */ = {isa = PBXBuildFile; fileRef = A72705C21FC8973F006C2504 /* NavigationBarController.swift */; };
		A72705C51FC8A2A6006C2504 /* User.swift in Sources */ = {isa = PBXBuildFile; fileRef = A72705C41FC8A2A6006C2504 /* User.swift */; };
		A72705C71FC8A7E2006C2504 /* AddImageViewController.swift in Sources */ = {isa = PBXBuildFile; fileRef = A72705C61FC8A7E2006C2504 /* AddImageViewController.swift */; };
		A72705CB1FC8AD33006C2504 /* 556c83b791f3f8325a657fed2c7bee59--iphone--wallpaper-phone-wallpapers.jpg in Resources */ = {isa = PBXBuildFile; fileRef = A72705CA1FC8AD32006C2504 /* 556c83b791f3f8325a657fed2c7bee59--iphone--wallpaper-phone-wallpapers.jpg */; };
		A72705CE1FC91E9D006C2504 /* PickUserProfilePictureFunctions.swift in Sources */ = {isa = PBXBuildFile; fileRef = A72705CD1FC91E9D006C2504 /* PickUserProfilePictureFunctions.swift */; };
		A72AFBCF1FCCBCF30018254E /* PrepareUserProfileData.swift in Sources */ = {isa = PBXBuildFile; fileRef = A72AFBCE1FCCBCF30018254E /* PrepareUserProfileData.swift */; };
		A72AFBD61FCDCE110018254E /* CreateDatabaseFunctions.swift in Sources */ = {isa = PBXBuildFile; fileRef = A72AFBD51FCDCE110018254E /* CreateDatabaseFunctions.swift */; };
		A72AFBD81FCDD2640018254E /* StorageConstantNames.swift in Sources */ = {isa = PBXBuildFile; fileRef = A72AFBD71FCDD2640018254E /* StorageConstantNames.swift */; };
		A72AFBDC1FCDE4150018254E /* SendEmailVerificationAgainFunctions.swift in Sources */ = {isa = PBXBuildFile; fileRef = A72AFBDB1FCDE4150018254E /* SendEmailVerificationAgainFunctions.swift */; };
		A72AFBDE1FCDE8800018254E /* FirebaseDomainConstants.swift in Sources */ = {isa = PBXBuildFile; fileRef = A72AFBDD1FCDE8800018254E /* FirebaseDomainConstants.swift */; };
		A72AFBE01FCDE8D70018254E /* ProjectSettingsConstants.swift in Sources */ = {isa = PBXBuildFile; fileRef = A72AFBDF1FCDE8D70018254E /* ProjectSettingsConstants.swift */; };
		A72AFBE31FCDE9BF0018254E /* DirectViewToOtherPagesFunctions.swift in Sources */ = {isa = PBXBuildFile; fileRef = A72AFBE21FCDE9BF0018254E /* DirectViewToOtherPagesFunctions.swift */; };
		A72AFBE61FCDEDA70018254E /* SendVerificationExtensions.swift in Sources */ = {isa = PBXBuildFile; fileRef = A72AFBE51FCDEDA70018254E /* SendVerificationExtensions.swift */; };
		A72AFBE91FCDF77C0018254E /* InformationMessages.swift in Sources */ = {isa = PBXBuildFile; fileRef = A72AFBE81FCDF77C0018254E /* InformationMessages.swift */; };
		A72AFBEE1FCE796D0018254E /* UIImageViewExtensions.swift in Sources */ = {isa = PBXBuildFile; fileRef = A72AFBED1FCE796D0018254E /* UIImageViewExtensions.swift */; };
		A72CAA5C1FD5AE0900308DED /* 556c83b791f3f8325a657fed2c7bee59--iphone--wallpaper-phone-wallpapers.jpg in Resources */ = {isa = PBXBuildFile; fileRef = A72CAA4F1FD5AE0800308DED /* 556c83b791f3f8325a657fed2c7bee59--iphone--wallpaper-phone-wallpapers.jpg */; };
		A72CAA6C1FD5AF8200308DED /* DatabaseAccessConstant.swift in Sources */ = {isa = PBXBuildFile; fileRef = A72CAA6B1FD5AF8200308DED /* DatabaseAccessConstant.swift */; };
		A72CAA6E1FD5B18D00308DED /* DesignableUITextField.swift in Sources */ = {isa = PBXBuildFile; fileRef = A72CAA6D1FD5B18D00308DED /* DesignableUITextField.swift */; };
		A72CAA7D1FD6855200308DED /* ic_eye_open@3x.png in Resources */ = {isa = PBXBuildFile; fileRef = A72CAA721FD6854F00308DED /* ic_eye_open@3x.png */; };
		A72CAA7E1FD6855200308DED /* ic_eye_open@2x.png in Resources */ = {isa = PBXBuildFile; fileRef = A72CAA731FD6855000308DED /* ic_eye_open@2x.png */; };
		A72CAA7F1FD6855200308DED /* HideShowPasswordTextField.swift in Sources */ = {isa = PBXBuildFile; fileRef = A72CAA741FD6855000308DED /* HideShowPasswordTextField.swift */; };
		A72CAA801FD6855200308DED /* ic_eye_closed@2x.png in Resources */ = {isa = PBXBuildFile; fileRef = A72CAA751FD6855000308DED /* ic_eye_closed@2x.png */; };
		A72CAA811FD6855200308DED /* ic_eye_closed.png in Resources */ = {isa = PBXBuildFile; fileRef = A72CAA761FD6855000308DED /* ic_eye_closed.png */; };
		A72CAA821FD6855200308DED /* ic_password_checkmark@3x.png in Resources */ = {isa = PBXBuildFile; fileRef = A72CAA771FD6855000308DED /* ic_password_checkmark@3x.png */; };
		A72CAA831FD6855200308DED /* ic_password_checkmark@2x.png in Resources */ = {isa = PBXBuildFile; fileRef = A72CAA781FD6855100308DED /* ic_password_checkmark@2x.png */; };
		A72CAA841FD6855200308DED /* ic_eye_open.png in Resources */ = {isa = PBXBuildFile; fileRef = A72CAA791FD6855100308DED /* ic_eye_open.png */; };
		A72CAA851FD6855200308DED /* ic_password_checkmark.png in Resources */ = {isa = PBXBuildFile; fileRef = A72CAA7A1FD6855100308DED /* ic_password_checkmark.png */; };
		A72CAA861FD6855200308DED /* PasswordToggleVisibilityView.swift in Sources */ = {isa = PBXBuildFile; fileRef = A72CAA7B1FD6855100308DED /* PasswordToggleVisibilityView.swift */; };
		A72CAA871FD6855200308DED /* ic_eye_closed@3x.png in Resources */ = {isa = PBXBuildFile; fileRef = A72CAA7C1FD6855200308DED /* ic_eye_closed@3x.png */; };
		A72CAA8B1FD685E000308DED /* Genders.swift in Sources */ = {isa = PBXBuildFile; fileRef = A72CAA8A1FD685DF00308DED /* Genders.swift */; };
		A72CAA8F1FD689B200308DED /* RegisterViewControllerExtentions.swift in Sources */ = {isa = PBXBuildFile; fileRef = A72CAA8E1FD689B200308DED /* RegisterViewControllerExtentions.swift */; };
		A72CAA921FD689D100308DED /* EntranceViewControllerExtention.swift in Sources */ = {isa = PBXBuildFile; fileRef = A72CAA911FD689D100308DED /* EntranceViewControllerExtention.swift */; };
		A72D2C661FD85AA4008BE2D2 /* Pacifico.ttf in Resources */ = {isa = PBXBuildFile; fileRef = A72D2C641FD85AA4008BE2D2 /* Pacifico.ttf */; };
		A72D2C671FD85AA4008BE2D2 /* OFL.txt in Resources */ = {isa = PBXBuildFile; fileRef = A72D2C651FD85AA4008BE2D2 /* OFL.txt */; };
		A72D2C6D1FD98594008BE2D2 /* KeyChainConstants.swift in Sources */ = {isa = PBXBuildFile; fileRef = A72D2C6C1FD98594008BE2D2 /* KeyChainConstants.swift */; };
		A72D2C751FDB00A4008BE2D2 /* NavigationBarExtensionFunctions.swift in Sources */ = {isa = PBXBuildFile; fileRef = A72D2C741FDB00A4008BE2D2 /* NavigationBarExtensionFunctions.swift */; };
		A733776E1FDE164200E40EAC /* InformationMessageForVerificationController.swift in Sources */ = {isa = PBXBuildFile; fileRef = A733776D1FDE164200E40EAC /* InformationMessageForVerificationController.swift */; };
		A73828301FC35DCB003C1827 /* Validation.swift in Sources */ = {isa = PBXBuildFile; fileRef = A738282F1FC35DCB003C1827 /* Validation.swift */; };
		A73828321FC36379003C1827 /* ConstantCharacters.swift in Sources */ = {isa = PBXBuildFile; fileRef = A73828311FC36379003C1827 /* ConstantCharacters.swift */; };
		A73828381FC3E196003C1827 /* VerificationViewController.swift in Sources */ = {isa = PBXBuildFile; fileRef = A73828371FC3E196003C1827 /* VerificationViewController.swift */; };
		A7407F041FC4B7C600DAAF44 /* GoogleService-Info.plist in Resources */ = {isa = PBXBuildFile; fileRef = A7407F031FC4B7C600DAAF44 /* GoogleService-Info.plist */; };
		A7407F071FC705D000DAAF44 /* ConstanctUserKeyValues.swift in Sources */ = {isa = PBXBuildFile; fileRef = A7407F061FC705D000DAAF44 /* ConstanctUserKeyValues.swift */; };
		A7407F0B1FC799FA00DAAF44 /* UIButtonExtensions.swift in Sources */ = {isa = PBXBuildFile; fileRef = A7407F0A1FC799FA00DAAF44 /* UIButtonExtensions.swift */; };
		A7407F0D1FC79B1D00DAAF44 /* UITextFieldExtensions.swift in Sources */ = {isa = PBXBuildFile; fileRef = A7407F0C1FC79B1D00DAAF44 /* UITextFieldExtensions.swift */; };
		A74FD5F11FDB7A8800062483 /* ServerAccessExtensionFunctions_forRegistration.swift in Sources */ = {isa = PBXBuildFile; fileRef = A74FD5F01FDB7A8800062483 /* ServerAccessExtensionFunctions_forRegistration.swift */; };
		A74FD5F31FDB7C1C00062483 /* SwiftKeyChainExtensionFunctions_forRegistration.swift in Sources */ = {isa = PBXBuildFile; fileRef = A74FD5F21FDB7C1C00062483 /* SwiftKeyChainExtensionFunctions_forRegistration.swift */; };
		A74FD5F71FDDC80700062483 /* EnumForValidations.swift in Sources */ = {isa = PBXBuildFile; fileRef = A74FD5F61FDDC80700062483 /* EnumForValidations.swift */; };
		A75CE0611FED4280004703F5 /* PinDataPictureViewController.swift in Sources */ = {isa = PBXBuildFile; fileRef = A75CE0601FED4280004703F5 /* PinDataPictureViewController.swift */; };
		A75CE0641FED4DB8004703F5 /* check-mark.png in Resources */ = {isa = PBXBuildFile; fileRef = A75CE0621FED4DB7004703F5 /* check-mark.png */; };
		A75CE0651FED4DB8004703F5 /* toxic-cross.png in Resources */ = {isa = PBXBuildFile; fileRef = A75CE0631FED4DB7004703F5 /* toxic-cross.png */; };
		A75CE0681FED6B2E004703F5 /* UIImageViewCustomDesign.swift in Sources */ = {isa = PBXBuildFile; fileRef = A75CE0671FED6B2E004703F5 /* UIImageViewCustomDesign.swift */; };
		A75CE06A1FED6E67004703F5 /* edit_profile_icon.png in Resources */ = {isa = PBXBuildFile; fileRef = A75CE0691FED6E67004703F5 /* edit_profile_icon.png */; };
		A75CE06C1FED8DDA004703F5 /* DecideToLoadPicture.swift in Sources */ = {isa = PBXBuildFile; fileRef = A75CE06B1FED8DDA004703F5 /* DecideToLoadPicture.swift */; };
		A75CE06E1FEDB2AA004703F5 /* PinDataVideoViewController.swift in Sources */ = {isa = PBXBuildFile; fileRef = A75CE06D1FEDB2AA004703F5 /* PinDataVideoViewController.swift */; };
		A75E3F441FE29FE4007165DE /* UIControl+Point.swift in Sources */ = {isa = PBXBuildFile; fileRef = A75E3F3E1FE29FE3007165DE /* UIControl+Point.swift */; };
		A75E3F451FE29FE4007165DE /* UIScreen+Frame.swift in Sources */ = {isa = PBXBuildFile; fileRef = A75E3F3F1FE29FE3007165DE /* UIScreen+Frame.swift */; };
		A75E3F461FE29FE4007165DE /* FTConfiguration.swift in Sources */ = {isa = PBXBuildFile; fileRef = A75E3F401FE29FE4007165DE /* FTConfiguration.swift */; };
		A75E3F471FE29FE4007165DE /* FTConstants.swift in Sources */ = {isa = PBXBuildFile; fileRef = A75E3F411FE29FE4007165DE /* FTConstants.swift */; };
		A75E3F481FE29FE4007165DE /* FTPopOverMenu.swift in Sources */ = {isa = PBXBuildFile; fileRef = A75E3F421FE29FE4007165DE /* FTPopOverMenu.swift */; };
		A75E3F491FE29FE4007165DE /* FTPopOverMenuCell.swift in Sources */ = {isa = PBXBuildFile; fileRef = A75E3F431FE29FE4007165DE /* FTPopOverMenuCell.swift */; };
		A75E3F511FE54341007165DE /* WelcomeFirstPinViewController.swift in Sources */ = {isa = PBXBuildFile; fileRef = A75E3F501FE54341007165DE /* WelcomeFirstPinViewController.swift */; };
		A75E3F541FE55296007165DE /* location.png in Resources */ = {isa = PBXBuildFile; fileRef = A75E3F531FE55296007165DE /* location.png */; };
		A75E3F561FE55551007165DE /* next.png in Resources */ = {isa = PBXBuildFile; fileRef = A75E3F551FE55551007165DE /* next.png */; };
		A75E3F5A1FE56D9F007165DE /* Location.swift in Sources */ = {isa = PBXBuildFile; fileRef = A75E3F591FE56D9E007165DE /* Location.swift */; };
		A75E3F5F1FE5AD16007165DE /* ParseLocationData.swift in Sources */ = {isa = PBXBuildFile; fileRef = A75E3F5E1FE5AD16007165DE /* ParseLocationData.swift */; };
		A75E3F611FE5B7A0007165DE /* DatabaseLocation.swift in Sources */ = {isa = PBXBuildFile; fileRef = A75E3F601FE5B7A0007165DE /* DatabaseLocation.swift */; };
		A75E3F631FE5E6A5007165DE /* UserLocation.swift in Sources */ = {isa = PBXBuildFile; fileRef = A75E3F621FE5E6A5007165DE /* UserLocation.swift */; };
		A75E3F651FE5E831007165DE /* DatabaseUserLocation.swift in Sources */ = {isa = PBXBuildFile; fileRef = A75E3F641FE5E831007165DE /* DatabaseUserLocation.swift */; };
		A75E3F671FE78DDC007165DE /* PinDataChoiseView.xib in Resources */ = {isa = PBXBuildFile; fileRef = A75E3F661FE78DDC007165DE /* PinDataChoiseView.xib */; };
		A75E3F6C1FE79B69007165DE /* photo-camera.png in Resources */ = {isa = PBXBuildFile; fileRef = A75E3F691FE79B69007165DE /* photo-camera.png */; };
		A75E3F6D1FE79B69007165DE /* play-button.png in Resources */ = {isa = PBXBuildFile; fileRef = A75E3F6A1FE79B69007165DE /* play-button.png */; };
		A75E3F6E1FE79B69007165DE /* school-material.png in Resources */ = {isa = PBXBuildFile; fileRef = A75E3F6B1FE79B69007165DE /* school-material.png */; };
		A75F40091FC0B7C600495228 /* AppDelegate.swift in Sources */ = {isa = PBXBuildFile; fileRef = A75F40081FC0B7C600495228 /* AppDelegate.swift */; };
		A75F400B1FC0B7C600495228 /* ViewController.swift in Sources */ = {isa = PBXBuildFile; fileRef = A75F400A1FC0B7C600495228 /* ViewController.swift */; };
		A75F400E1FC0B7C600495228 /* Main.storyboard in Resources */ = {isa = PBXBuildFile; fileRef = A75F400C1FC0B7C600495228 /* Main.storyboard */; };
		A75F40101FC0B7C600495228 /* Assets.xcassets in Resources */ = {isa = PBXBuildFile; fileRef = A75F400F1FC0B7C600495228 /* Assets.xcassets */; };
		A75F40131FC0B7C600495228 /* LaunchScreen.storyboard in Resources */ = {isa = PBXBuildFile; fileRef = A75F40111FC0B7C600495228 /* LaunchScreen.storyboard */; };
		A75F40221FC0D99D00495228 /* LoginViewController.swift in Sources */ = {isa = PBXBuildFile; fileRef = A75F40211FC0D99D00495228 /* LoginViewController.swift */; };
		A75F40241FC0D9A600495228 /* RegisterViewController.swift in Sources */ = {isa = PBXBuildFile; fileRef = A75F40231FC0D9A600495228 /* RegisterViewController.swift */; };
		A75F40261FC0DBCC00495228 /* EntranceViewController.swift in Sources */ = {isa = PBXBuildFile; fileRef = A75F40251FC0DBCC00495228 /* EntranceViewController.swift */; };
		A75F402F1FC1D3E300495228 /* UIViewDesign.swift in Sources */ = {isa = PBXBuildFile; fileRef = A75F402E1FC1D3E300495228 /* UIViewDesign.swift */; };
		A75F40351FC238B600495228 /* StartPageViewController.swift in Sources */ = {isa = PBXBuildFile; fileRef = A75F40341FC238B600495228 /* StartPageViewController.swift */; };
		A767CEE71FD4AA4200E70B16 /* AlertControllerConstants.swift in Sources */ = {isa = PBXBuildFile; fileRef = A767CEE61FD4AA4200E70B16 /* AlertControllerConstants.swift */; };
		A767CEE91FD4B3C200E70B16 /* InformationMessageExtensionFunctions.swift in Sources */ = {isa = PBXBuildFile; fileRef = A767CEE81FD4B3C200E70B16 /* InformationMessageExtensionFunctions.swift */; };
		A767CEEB1FD4E61000E70B16 /* UINavigationItem.swift in Sources */ = {isa = PBXBuildFile; fileRef = A767CEEA1FD4E61000E70B16 /* UINavigationItem.swift */; };
		A767CEF01FD5392400E70B16 /* UIAlertControllerCustomDesign.swift in Sources */ = {isa = PBXBuildFile; fileRef = A767CEEF1FD5392400E70B16 /* UIAlertControllerCustomDesign.swift */; };
		A778D9E31FC9AE6200F38438 /* DatabaseUser.swift in Sources */ = {isa = PBXBuildFile; fileRef = A778D9E21FC9AE6200F38438 /* DatabaseUser.swift */; };
		A778D9E61FC9BC4900F38438 /* UserAttributeNames.swift in Sources */ = {isa = PBXBuildFile; fileRef = A778D9E51FC9BC4900F38438 /* UserAttributeNames.swift */; };
		A778D9FA1FC9D5DF00F38438 /* PageItemController.swift in Sources */ = {isa = PBXBuildFile; fileRef = A778D9F81FC9D5DF00F38438 /* PageItemController.swift */; };
		A778D9FB1FC9D5DF00F38438 /* PageViewController.swift in Sources */ = {isa = PBXBuildFile; fileRef = A778D9F91FC9D5DF00F38438 /* PageViewController.swift */; };
		A79FFB171FE8521F006D4D1E /* PinDataChoiseView.swift in Sources */ = {isa = PBXBuildFile; fileRef = A79FFB161FE8521F006D4D1E /* PinDataChoiseView.swift */; };
		A79FFB191FE8534A006D4D1E /* UIView+BezierPaths.swift in Sources */ = {isa = PBXBuildFile; fileRef = A79FFB181FE8534A006D4D1E /* UIView+BezierPaths.swift */; };
		A79FFB1B1FE8547B006D4D1E /* PinDataChoiseAnnotationModel.swift in Sources */ = {isa = PBXBuildFile; fileRef = A79FFB1A1FE8547B006D4D1E /* PinDataChoiseAnnotationModel.swift */; };
		A79FFB1F1FE8560C006D4D1E /* PinDataChoiseAnnotationView.swift in Sources */ = {isa = PBXBuildFile; fileRef = A79FFB1E1FE8560C006D4D1E /* PinDataChoiseAnnotationView.swift */; };
		A79FFB221FE85E91006D4D1E /* maps64.png in Resources */ = {isa = PBXBuildFile; fileRef = A79FFB211FE85E91006D4D1E /* maps64.png */; };
		A7B17CCE1FE1709C00A8B7DA /* InformationPopupExtensions.swift in Sources */ = {isa = PBXBuildFile; fileRef = A7B17CCD1FE1709C00A8B7DA /* InformationPopupExtensions.swift */; };
		A7B17CD01FE1CC5800A8B7DA /* WelcomeFirstPin.storyboard in Resources */ = {isa = PBXBuildFile; fileRef = A7B17CCF1FE1CC5800A8B7DA /* WelcomeFirstPin.storyboard */; };
		A7D1CBA21FD449780082BC02 /* UIButtonCustomDesign.swift in Sources */ = {isa = PBXBuildFile; fileRef = A7D1CBA11FD449780082BC02 /* UIButtonCustomDesign.swift */; };
		A7D1CBA51FD44AEA0082BC02 /* UINavigationBarCustomDesign.swift in Sources */ = {isa = PBXBuildFile; fileRef = A7D1CBA41FD44AEA0082BC02 /* UINavigationBarCustomDesign.swift */; };
		A7D1CBAE1FD460660082BC02 /* UITextFieldCustomDesign.swift in Sources */ = {isa = PBXBuildFile; fileRef = A7D1CBAD1FD460660082BC02 /* UITextFieldCustomDesign.swift */; };
		A7DD2E0F1FD1A7140009322E /* ProcessingUserData.swift in Sources */ = {isa = PBXBuildFile; fileRef = A7DD2E0E1FD1A7140009322E /* ProcessingUserData.swift */; };
		A7DD2E111FD1A8440009322E /* PerformSegueExtensionFunctions.swift in Sources */ = {isa = PBXBuildFile; fileRef = A7DD2E101FD1A8440009322E /* PerformSegueExtensionFunctions.swift */; };
		A7DD2E131FD1B1600009322E /* ServerAccessExtensionFunctions.swift in Sources */ = {isa = PBXBuildFile; fileRef = A7DD2E121FD1B1600009322E /* ServerAccessExtensionFunctions.swift */; };
		A7DD2E151FD1B1EE0009322E /* SwiftKeyChainExtensionFunctions.swift in Sources */ = {isa = PBXBuildFile; fileRef = A7DD2E141FD1B1EE0009322E /* SwiftKeyChainExtensionFunctions.swift */; };
		A7DD2E171FD1BEEE0009322E /* ValidationExtensionFunctions.swift in Sources */ = {isa = PBXBuildFile; fileRef = A7DD2E161FD1BEEE0009322E /* ValidationExtensionFunctions.swift */; };
		A7DD2E371FD207CA0009322E /* UIViewExtensions.swift in Sources */ = {isa = PBXBuildFile; fileRef = A7DD2E361FD207CA0009322E /* UIViewExtensions.swift */; };
		A7DD2E391FD2DC110009322E /* Information.swift in Sources */ = {isa = PBXBuildFile; fileRef = A7DD2E381FD2DC110009322E /* Information.swift */; };
		AD1A34411FE1C41B0054801D /* InformationAlertView.swift in Sources */ = {isa = PBXBuildFile; fileRef = AD1A34401FE1C41B0054801D /* InformationAlertView.swift */; };
		AD5A44461FE509BA00266548 /* gender_woman.png in Resources */ = {isa = PBXBuildFile; fileRef = AD5A44451FE509B900266548 /* gender_woman.png */; };
		AD641ECE1FDDD254002E483B /* gender_man.png in Resources */ = {isa = PBXBuildFile; fileRef = AD641ECC1FDDD254002E483B /* gender_man.png */; };
		ADB505AA1FDB1C6500F81046 /* SCLAlertView.swift in Sources */ = {isa = PBXBuildFile; fileRef = ADB505A81FDB1C6500F81046 /* SCLAlertView.swift */; };
		ADB505AB1FDB1C6500F81046 /* SCLExtensions.swift in Sources */ = {isa = PBXBuildFile; fileRef = ADB505A91FDB1C6500F81046 /* SCLExtensions.swift */; };
		ADB505AF1FDB333B00F81046 /* image1.png in Resources */ = {isa = PBXBuildFile; fileRef = ADB505AC1FDB333B00F81046 /* image1.png */; };
		ADB505B01FDB333B00F81046 /* image2.png in Resources */ = {isa = PBXBuildFile; fileRef = ADB505AD1FDB333B00F81046 /* image2.png */; };
		ADB505B11FDB333B00F81046 /* image3.png in Resources */ = {isa = PBXBuildFile; fileRef = ADB505AE1FDB333B00F81046 /* image3.png */; };
		ADB505B31FDB348500F81046 /* EntranceViewPerformSegueExtention.swift in Sources */ = {isa = PBXBuildFile; fileRef = ADB505B21FDB348500F81046 /* EntranceViewPerformSegueExtention.swift */; };
/* End PBXBuildFile section */

/* Begin PBXFileReference section */
		757CC8AC01F59DF3A869DAD9 /* Pods-Project Version 0_1.release.xcconfig */ = {isa = PBXFileReference; includeInIndex = 1; lastKnownFileType = text.xcconfig; name = "Pods-Project Version 0_1.release.xcconfig"; path = "Pods/Target Support Files/Pods-Project Version 0_1/Pods-Project Version 0_1.release.xcconfig"; sourceTree = "<group>"; };
		A148C3682F780F8F696B8FB2 /* Pods-Project Version 0_1.debug.xcconfig */ = {isa = PBXFileReference; includeInIndex = 1; lastKnownFileType = text.xcconfig; name = "Pods-Project Version 0_1.debug.xcconfig"; path = "Pods/Target Support Files/Pods-Project Version 0_1/Pods-Project Version 0_1.debug.xcconfig"; sourceTree = "<group>"; };
		A71811DC1FEA16B900771EE5 /* gloriahallelujah.ttf */ = {isa = PBXFileReference; lastKnownFileType = file; path = gloriahallelujah.ttf; sourceTree = "<group>"; };
		A71811DD1FEA16B900771EE5 /* KGFonts-TOU.txt */ = {isa = PBXFileReference; fileEncoding = 4; lastKnownFileType = text; path = "KGFonts-TOU.txt"; sourceTree = "<group>"; };
		A7194DAF1FEA1FF700586038 /* guidance_step1_ViewController.swift */ = {isa = PBXFileReference; lastKnownFileType = sourcecode.swift; path = guidance_step1_ViewController.swift; sourceTree = "<group>"; };
		A7194DB21FEA214C00586038 /* shake_phone.png */ = {isa = PBXFileReference; lastKnownFileType = image.png; path = shake_phone.png; sourceTree = "<group>"; };
		A7194DB41FEA21EC00586038 /* shake.png */ = {isa = PBXFileReference; lastKnownFileType = image.png; path = shake.png; sourceTree = "<group>"; };
		A7194DB61FEA224D00586038 /* right-drawn-arrow_white.png */ = {isa = PBXFileReference; lastKnownFileType = image.png; path = "right-drawn-arrow_white.png"; sourceTree = "<group>"; };
		A7194DB81FEA231700586038 /* guidance_step2_ViewController.swift */ = {isa = PBXFileReference; lastKnownFileType = sourcecode.swift; path = guidance_step2_ViewController.swift; sourceTree = "<group>"; };
		A7194DBA1FEA4BEE00586038 /* deneme_2_ViewController.swift */ = {isa = PBXFileReference; lastKnownFileType = sourcecode.swift; path = deneme_2_ViewController.swift; sourceTree = "<group>"; };
		A7194DBC1FED036E00586038 /* PinTextDataViewController.swift */ = {isa = PBXFileReference; lastKnownFileType = sourcecode.swift; path = PinTextDataViewController.swift; sourceTree = "<group>"; };
		A71B49FD1FD3112400B69E71 /* camera_icon_new.png */ = {isa = PBXFileReference; lastKnownFileType = image.png; path = camera_icon_new.png; sourceTree = "<group>"; };
		A71BDC4C1FDF1EA80059EE43 /* error@2x.png */ = {isa = PBXFileReference; lastKnownFileType = image.png; path = "error@2x.png"; sourceTree = "<group>"; };
		A72705C01FC885B8006C2504 /* MainPageViewController.swift */ = {isa = PBXFileReference; lastKnownFileType = sourcecode.swift; path = MainPageViewController.swift; sourceTree = "<group>"; };
		A72705C21FC8973F006C2504 /* NavigationBarController.swift */ = {isa = PBXFileReference; lastKnownFileType = sourcecode.swift; path = NavigationBarController.swift; sourceTree = "<group>"; };
		A72705C41FC8A2A6006C2504 /* User.swift */ = {isa = PBXFileReference; lastKnownFileType = sourcecode.swift; path = User.swift; sourceTree = "<group>"; };
		A72705C61FC8A7E2006C2504 /* AddImageViewController.swift */ = {isa = PBXFileReference; lastKnownFileType = sourcecode.swift; path = AddImageViewController.swift; sourceTree = "<group>"; };
		A72705CA1FC8AD32006C2504 /* 556c83b791f3f8325a657fed2c7bee59--iphone--wallpaper-phone-wallpapers.jpg */ = {isa = PBXFileReference; lastKnownFileType = image.jpeg; path = "556c83b791f3f8325a657fed2c7bee59--iphone--wallpaper-phone-wallpapers.jpg"; sourceTree = "<group>"; };
		A72705CD1FC91E9D006C2504 /* PickUserProfilePictureFunctions.swift */ = {isa = PBXFileReference; lastKnownFileType = sourcecode.swift; path = PickUserProfilePictureFunctions.swift; sourceTree = "<group>"; };
		A72AFBCE1FCCBCF30018254E /* PrepareUserProfileData.swift */ = {isa = PBXFileReference; lastKnownFileType = sourcecode.swift; path = PrepareUserProfileData.swift; sourceTree = "<group>"; };
		A72AFBD51FCDCE110018254E /* CreateDatabaseFunctions.swift */ = {isa = PBXFileReference; lastKnownFileType = sourcecode.swift; path = CreateDatabaseFunctions.swift; sourceTree = "<group>"; };
		A72AFBD71FCDD2640018254E /* StorageConstantNames.swift */ = {isa = PBXFileReference; lastKnownFileType = sourcecode.swift; path = StorageConstantNames.swift; sourceTree = "<group>"; };
		A72AFBDB1FCDE4150018254E /* SendEmailVerificationAgainFunctions.swift */ = {isa = PBXFileReference; lastKnownFileType = sourcecode.swift; path = SendEmailVerificationAgainFunctions.swift; sourceTree = "<group>"; };
		A72AFBDD1FCDE8800018254E /* FirebaseDomainConstants.swift */ = {isa = PBXFileReference; lastKnownFileType = sourcecode.swift; path = FirebaseDomainConstants.swift; sourceTree = "<group>"; };
		A72AFBDF1FCDE8D70018254E /* ProjectSettingsConstants.swift */ = {isa = PBXFileReference; lastKnownFileType = sourcecode.swift; path = ProjectSettingsConstants.swift; sourceTree = "<group>"; };
		A72AFBE21FCDE9BF0018254E /* DirectViewToOtherPagesFunctions.swift */ = {isa = PBXFileReference; lastKnownFileType = sourcecode.swift; path = DirectViewToOtherPagesFunctions.swift; sourceTree = "<group>"; };
		A72AFBE51FCDEDA70018254E /* SendVerificationExtensions.swift */ = {isa = PBXFileReference; lastKnownFileType = sourcecode.swift; path = SendVerificationExtensions.swift; sourceTree = "<group>"; };
		A72AFBE81FCDF77C0018254E /* InformationMessages.swift */ = {isa = PBXFileReference; lastKnownFileType = sourcecode.swift; path = InformationMessages.swift; sourceTree = "<group>"; };
		A72AFBED1FCE796D0018254E /* UIImageViewExtensions.swift */ = {isa = PBXFileReference; lastKnownFileType = sourcecode.swift; path = UIImageViewExtensions.swift; sourceTree = "<group>"; };
		A72CAA4F1FD5AE0800308DED /* 556c83b791f3f8325a657fed2c7bee59--iphone--wallpaper-phone-wallpapers.jpg */ = {isa = PBXFileReference; lastKnownFileType = image.jpeg; name = "556c83b791f3f8325a657fed2c7bee59--iphone--wallpaper-phone-wallpapers.jpg"; path = "../../../../../Downloads/social-pin-infinity-remzi-register-v1/Project Version 0_1/Images/556c83b791f3f8325a657fed2c7bee59--iphone--wallpaper-phone-wallpapers.jpg"; sourceTree = "<group>"; };
		A72CAA6B1FD5AF8200308DED /* DatabaseAccessConstant.swift */ = {isa = PBXFileReference; fileEncoding = 4; lastKnownFileType = sourcecode.swift; path = DatabaseAccessConstant.swift; sourceTree = "<group>"; };
		A72CAA6D1FD5B18D00308DED /* DesignableUITextField.swift */ = {isa = PBXFileReference; fileEncoding = 4; lastKnownFileType = sourcecode.swift; path = DesignableUITextField.swift; sourceTree = "<group>"; };
		A72CAA721FD6854F00308DED /* ic_eye_open@3x.png */ = {isa = PBXFileReference; lastKnownFileType = image.png; path = "ic_eye_open@3x.png"; sourceTree = "<group>"; };
		A72CAA731FD6855000308DED /* ic_eye_open@2x.png */ = {isa = PBXFileReference; lastKnownFileType = image.png; path = "ic_eye_open@2x.png"; sourceTree = "<group>"; };
		A72CAA741FD6855000308DED /* HideShowPasswordTextField.swift */ = {isa = PBXFileReference; fileEncoding = 4; lastKnownFileType = sourcecode.swift; path = HideShowPasswordTextField.swift; sourceTree = "<group>"; };
		A72CAA751FD6855000308DED /* ic_eye_closed@2x.png */ = {isa = PBXFileReference; lastKnownFileType = image.png; path = "ic_eye_closed@2x.png"; sourceTree = "<group>"; };
		A72CAA761FD6855000308DED /* ic_eye_closed.png */ = {isa = PBXFileReference; lastKnownFileType = image.png; path = ic_eye_closed.png; sourceTree = "<group>"; };
		A72CAA771FD6855000308DED /* ic_password_checkmark@3x.png */ = {isa = PBXFileReference; lastKnownFileType = image.png; path = "ic_password_checkmark@3x.png"; sourceTree = "<group>"; };
		A72CAA781FD6855100308DED /* ic_password_checkmark@2x.png */ = {isa = PBXFileReference; lastKnownFileType = image.png; path = "ic_password_checkmark@2x.png"; sourceTree = "<group>"; };
		A72CAA791FD6855100308DED /* ic_eye_open.png */ = {isa = PBXFileReference; lastKnownFileType = image.png; path = ic_eye_open.png; sourceTree = "<group>"; };
		A72CAA7A1FD6855100308DED /* ic_password_checkmark.png */ = {isa = PBXFileReference; lastKnownFileType = image.png; path = ic_password_checkmark.png; sourceTree = "<group>"; };
		A72CAA7B1FD6855100308DED /* PasswordToggleVisibilityView.swift */ = {isa = PBXFileReference; fileEncoding = 4; lastKnownFileType = sourcecode.swift; path = PasswordToggleVisibilityView.swift; sourceTree = "<group>"; };
		A72CAA7C1FD6855200308DED /* ic_eye_closed@3x.png */ = {isa = PBXFileReference; lastKnownFileType = image.png; path = "ic_eye_closed@3x.png"; sourceTree = "<group>"; };
		A72CAA8A1FD685DF00308DED /* Genders.swift */ = {isa = PBXFileReference; lastKnownFileType = sourcecode.swift; path = Genders.swift; sourceTree = "<group>"; };
		A72CAA8E1FD689B200308DED /* RegisterViewControllerExtentions.swift */ = {isa = PBXFileReference; fileEncoding = 4; lastKnownFileType = sourcecode.swift; path = RegisterViewControllerExtentions.swift; sourceTree = "<group>"; };
		A72CAA911FD689D100308DED /* EntranceViewControllerExtention.swift */ = {isa = PBXFileReference; fileEncoding = 4; lastKnownFileType = sourcecode.swift; path = EntranceViewControllerExtention.swift; sourceTree = "<group>"; };
		A72D2C641FD85AA4008BE2D2 /* Pacifico.ttf */ = {isa = PBXFileReference; lastKnownFileType = file; path = Pacifico.ttf; sourceTree = "<group>"; };
		A72D2C651FD85AA4008BE2D2 /* OFL.txt */ = {isa = PBXFileReference; fileEncoding = 4; lastKnownFileType = text; path = OFL.txt; sourceTree = "<group>"; };
		A72D2C6C1FD98594008BE2D2 /* KeyChainConstants.swift */ = {isa = PBXFileReference; lastKnownFileType = sourcecode.swift; path = KeyChainConstants.swift; sourceTree = "<group>"; };
		A72D2C741FDB00A4008BE2D2 /* NavigationBarExtensionFunctions.swift */ = {isa = PBXFileReference; lastKnownFileType = sourcecode.swift; path = NavigationBarExtensionFunctions.swift; sourceTree = "<group>"; };
		A733776D1FDE164200E40EAC /* InformationMessageForVerificationController.swift */ = {isa = PBXFileReference; lastKnownFileType = sourcecode.swift; path = InformationMessageForVerificationController.swift; sourceTree = "<group>"; };
		A738282F1FC35DCB003C1827 /* Validation.swift */ = {isa = PBXFileReference; lastKnownFileType = sourcecode.swift; path = Validation.swift; sourceTree = "<group>"; };
		A73828311FC36379003C1827 /* ConstantCharacters.swift */ = {isa = PBXFileReference; lastKnownFileType = sourcecode.swift; path = ConstantCharacters.swift; sourceTree = "<group>"; };
		A73828371FC3E196003C1827 /* VerificationViewController.swift */ = {isa = PBXFileReference; lastKnownFileType = sourcecode.swift; path = VerificationViewController.swift; sourceTree = "<group>"; };
		A7407F031FC4B7C600DAAF44 /* GoogleService-Info.plist */ = {isa = PBXFileReference; fileEncoding = 4; lastKnownFileType = text.plist.xml; path = "GoogleService-Info.plist"; sourceTree = "<group>"; };
		A7407F051FC4B8D100DAAF44 /* Project Version 0_1.entitlements */ = {isa = PBXFileReference; lastKnownFileType = text.plist.entitlements; path = "Project Version 0_1.entitlements"; sourceTree = "<group>"; };
		A7407F061FC705D000DAAF44 /* ConstanctUserKeyValues.swift */ = {isa = PBXFileReference; lastKnownFileType = sourcecode.swift; path = ConstanctUserKeyValues.swift; sourceTree = "<group>"; };
		A7407F0A1FC799FA00DAAF44 /* UIButtonExtensions.swift */ = {isa = PBXFileReference; lastKnownFileType = sourcecode.swift; path = UIButtonExtensions.swift; sourceTree = "<group>"; };
		A7407F0C1FC79B1D00DAAF44 /* UITextFieldExtensions.swift */ = {isa = PBXFileReference; lastKnownFileType = sourcecode.swift; path = UITextFieldExtensions.swift; sourceTree = "<group>"; };
		A74FD5F01FDB7A8800062483 /* ServerAccessExtensionFunctions_forRegistration.swift */ = {isa = PBXFileReference; lastKnownFileType = sourcecode.swift; path = ServerAccessExtensionFunctions_forRegistration.swift; sourceTree = "<group>"; };
		A74FD5F21FDB7C1C00062483 /* SwiftKeyChainExtensionFunctions_forRegistration.swift */ = {isa = PBXFileReference; lastKnownFileType = sourcecode.swift; path = SwiftKeyChainExtensionFunctions_forRegistration.swift; sourceTree = "<group>"; };
		A74FD5F61FDDC80700062483 /* EnumForValidations.swift */ = {isa = PBXFileReference; lastKnownFileType = sourcecode.swift; path = EnumForValidations.swift; sourceTree = "<group>"; };
		A75CE0601FED4280004703F5 /* PinDataPictureViewController.swift */ = {isa = PBXFileReference; lastKnownFileType = sourcecode.swift; path = PinDataPictureViewController.swift; sourceTree = "<group>"; };
		A75CE0621FED4DB7004703F5 /* check-mark.png */ = {isa = PBXFileReference; lastKnownFileType = image.png; path = "check-mark.png"; sourceTree = "<group>"; };
		A75CE0631FED4DB7004703F5 /* toxic-cross.png */ = {isa = PBXFileReference; lastKnownFileType = image.png; path = "toxic-cross.png"; sourceTree = "<group>"; };
		A75CE0671FED6B2E004703F5 /* UIImageViewCustomDesign.swift */ = {isa = PBXFileReference; lastKnownFileType = sourcecode.swift; path = UIImageViewCustomDesign.swift; sourceTree = "<group>"; };
		A75CE0691FED6E67004703F5 /* edit_profile_icon.png */ = {isa = PBXFileReference; lastKnownFileType = image.png; path = edit_profile_icon.png; sourceTree = "<group>"; };
		A75CE06B1FED8DDA004703F5 /* DecideToLoadPicture.swift */ = {isa = PBXFileReference; lastKnownFileType = sourcecode.swift; path = DecideToLoadPicture.swift; sourceTree = "<group>"; };
		A75CE06D1FEDB2AA004703F5 /* PinDataVideoViewController.swift */ = {isa = PBXFileReference; lastKnownFileType = sourcecode.swift; path = PinDataVideoViewController.swift; sourceTree = "<group>"; };
		A75CE0731FEE63CD004703F5 /* IMG_0950.m4v */ = {isa = PBXFileReference; lastKnownFileType = file; path = IMG_0950.m4v; sourceTree = "<group>"; };
		A75E3F3E1FE29FE3007165DE /* UIControl+Point.swift */ = {isa = PBXFileReference; fileEncoding = 4; lastKnownFileType = sourcecode.swift; path = "UIControl+Point.swift"; sourceTree = "<group>"; };
		A75E3F3F1FE29FE3007165DE /* UIScreen+Frame.swift */ = {isa = PBXFileReference; fileEncoding = 4; lastKnownFileType = sourcecode.swift; path = "UIScreen+Frame.swift"; sourceTree = "<group>"; };
		A75E3F401FE29FE4007165DE /* FTConfiguration.swift */ = {isa = PBXFileReference; fileEncoding = 4; lastKnownFileType = sourcecode.swift; path = FTConfiguration.swift; sourceTree = "<group>"; };
		A75E3F411FE29FE4007165DE /* FTConstants.swift */ = {isa = PBXFileReference; fileEncoding = 4; lastKnownFileType = sourcecode.swift; path = FTConstants.swift; sourceTree = "<group>"; };
		A75E3F421FE29FE4007165DE /* FTPopOverMenu.swift */ = {isa = PBXFileReference; fileEncoding = 4; lastKnownFileType = sourcecode.swift; path = FTPopOverMenu.swift; sourceTree = "<group>"; };
		A75E3F431FE29FE4007165DE /* FTPopOverMenuCell.swift */ = {isa = PBXFileReference; fileEncoding = 4; lastKnownFileType = sourcecode.swift; path = FTPopOverMenuCell.swift; sourceTree = "<group>"; };
		A75E3F501FE54341007165DE /* WelcomeFirstPinViewController.swift */ = {isa = PBXFileReference; lastKnownFileType = sourcecode.swift; path = WelcomeFirstPinViewController.swift; sourceTree = "<group>"; };
		A75E3F531FE55296007165DE /* location.png */ = {isa = PBXFileReference; lastKnownFileType = image.png; path = location.png; sourceTree = "<group>"; };
		A75E3F551FE55551007165DE /* next.png */ = {isa = PBXFileReference; lastKnownFileType = image.png; path = next.png; sourceTree = "<group>"; };
		A75E3F591FE56D9E007165DE /* Location.swift */ = {isa = PBXFileReference; fileEncoding = 4; lastKnownFileType = sourcecode.swift; path = Location.swift; sourceTree = "<group>"; };
		A75E3F5E1FE5AD16007165DE /* ParseLocationData.swift */ = {isa = PBXFileReference; lastKnownFileType = sourcecode.swift; path = ParseLocationData.swift; sourceTree = "<group>"; };
		A75E3F601FE5B7A0007165DE /* DatabaseLocation.swift */ = {isa = PBXFileReference; lastKnownFileType = sourcecode.swift; path = DatabaseLocation.swift; sourceTree = "<group>"; };
		A75E3F621FE5E6A5007165DE /* UserLocation.swift */ = {isa = PBXFileReference; lastKnownFileType = sourcecode.swift; path = UserLocation.swift; sourceTree = "<group>"; };
		A75E3F641FE5E831007165DE /* DatabaseUserLocation.swift */ = {isa = PBXFileReference; lastKnownFileType = sourcecode.swift; path = DatabaseUserLocation.swift; sourceTree = "<group>"; };
		A75E3F661FE78DDC007165DE /* PinDataChoiseView.xib */ = {isa = PBXFileReference; lastKnownFileType = file.xib; path = PinDataChoiseView.xib; sourceTree = "<group>"; };
		A75E3F691FE79B69007165DE /* photo-camera.png */ = {isa = PBXFileReference; lastKnownFileType = image.png; path = "photo-camera.png"; sourceTree = "<group>"; };
		A75E3F6A1FE79B69007165DE /* play-button.png */ = {isa = PBXFileReference; lastKnownFileType = image.png; path = "play-button.png"; sourceTree = "<group>"; };
		A75E3F6B1FE79B69007165DE /* school-material.png */ = {isa = PBXFileReference; lastKnownFileType = image.png; path = "school-material.png"; sourceTree = "<group>"; };
		A75F40051FC0B7C600495228 /* Project Version 0_1.app */ = {isa = PBXFileReference; explicitFileType = wrapper.application; includeInIndex = 0; path = "Project Version 0_1.app"; sourceTree = BUILT_PRODUCTS_DIR; };
		A75F40081FC0B7C600495228 /* AppDelegate.swift */ = {isa = PBXFileReference; lastKnownFileType = sourcecode.swift; path = AppDelegate.swift; sourceTree = "<group>"; };
		A75F400A1FC0B7C600495228 /* ViewController.swift */ = {isa = PBXFileReference; lastKnownFileType = sourcecode.swift; path = ViewController.swift; sourceTree = "<group>"; };
		A75F400D1FC0B7C600495228 /* Base */ = {isa = PBXFileReference; lastKnownFileType = file.storyboard; name = Base; path = Base.lproj/Main.storyboard; sourceTree = "<group>"; };
		A75F400F1FC0B7C600495228 /* Assets.xcassets */ = {isa = PBXFileReference; lastKnownFileType = folder.assetcatalog; path = Assets.xcassets; sourceTree = "<group>"; };
		A75F40121FC0B7C600495228 /* Base */ = {isa = PBXFileReference; lastKnownFileType = file.storyboard; name = Base; path = Base.lproj/LaunchScreen.storyboard; sourceTree = "<group>"; };
		A75F40141FC0B7C600495228 /* Info.plist */ = {isa = PBXFileReference; lastKnownFileType = text.plist.xml; path = Info.plist; sourceTree = "<group>"; };
		A75F40211FC0D99D00495228 /* LoginViewController.swift */ = {isa = PBXFileReference; lastKnownFileType = sourcecode.swift; path = LoginViewController.swift; sourceTree = "<group>"; };
		A75F40231FC0D9A600495228 /* RegisterViewController.swift */ = {isa = PBXFileReference; lastKnownFileType = sourcecode.swift; path = RegisterViewController.swift; sourceTree = "<group>"; };
		A75F40251FC0DBCC00495228 /* EntranceViewController.swift */ = {isa = PBXFileReference; lastKnownFileType = sourcecode.swift; path = EntranceViewController.swift; sourceTree = "<group>"; };
		A75F402E1FC1D3E300495228 /* UIViewDesign.swift */ = {isa = PBXFileReference; lastKnownFileType = sourcecode.swift; path = UIViewDesign.swift; sourceTree = "<group>"; };
		A75F40341FC238B600495228 /* StartPageViewController.swift */ = {isa = PBXFileReference; lastKnownFileType = sourcecode.swift; path = StartPageViewController.swift; sourceTree = "<group>"; };
		A767CEE61FD4AA4200E70B16 /* AlertControllerConstants.swift */ = {isa = PBXFileReference; lastKnownFileType = sourcecode.swift; path = AlertControllerConstants.swift; sourceTree = "<group>"; };
		A767CEE81FD4B3C200E70B16 /* InformationMessageExtensionFunctions.swift */ = {isa = PBXFileReference; lastKnownFileType = sourcecode.swift; path = InformationMessageExtensionFunctions.swift; sourceTree = "<group>"; };
		A767CEEA1FD4E61000E70B16 /* UINavigationItem.swift */ = {isa = PBXFileReference; lastKnownFileType = sourcecode.swift; path = UINavigationItem.swift; sourceTree = "<group>"; };
		A767CEEF1FD5392400E70B16 /* UIAlertControllerCustomDesign.swift */ = {isa = PBXFileReference; lastKnownFileType = sourcecode.swift; path = UIAlertControllerCustomDesign.swift; sourceTree = "<group>"; };
		A778D9E21FC9AE6200F38438 /* DatabaseUser.swift */ = {isa = PBXFileReference; lastKnownFileType = sourcecode.swift; path = DatabaseUser.swift; sourceTree = "<group>"; };
		A778D9E51FC9BC4900F38438 /* UserAttributeNames.swift */ = {isa = PBXFileReference; lastKnownFileType = sourcecode.swift; path = UserAttributeNames.swift; sourceTree = "<group>"; };
		A778D9F81FC9D5DF00F38438 /* PageItemController.swift */ = {isa = PBXFileReference; fileEncoding = 4; lastKnownFileType = sourcecode.swift; path = PageItemController.swift; sourceTree = "<group>"; };
		A778D9F91FC9D5DF00F38438 /* PageViewController.swift */ = {isa = PBXFileReference; fileEncoding = 4; lastKnownFileType = sourcecode.swift; path = PageViewController.swift; sourceTree = "<group>"; };
		A79FFB161FE8521F006D4D1E /* PinDataChoiseView.swift */ = {isa = PBXFileReference; lastKnownFileType = sourcecode.swift; path = PinDataChoiseView.swift; sourceTree = "<group>"; };
		A79FFB181FE8534A006D4D1E /* UIView+BezierPaths.swift */ = {isa = PBXFileReference; fileEncoding = 4; lastKnownFileType = sourcecode.swift; path = "UIView+BezierPaths.swift"; sourceTree = "<group>"; };
		A79FFB1A1FE8547B006D4D1E /* PinDataChoiseAnnotationModel.swift */ = {isa = PBXFileReference; lastKnownFileType = sourcecode.swift; path = PinDataChoiseAnnotationModel.swift; sourceTree = "<group>"; };
		A79FFB1E1FE8560C006D4D1E /* PinDataChoiseAnnotationView.swift */ = {isa = PBXFileReference; lastKnownFileType = sourcecode.swift; path = PinDataChoiseAnnotationView.swift; sourceTree = "<group>"; };
		A79FFB211FE85E91006D4D1E /* maps64.png */ = {isa = PBXFileReference; lastKnownFileType = image.png; path = maps64.png; sourceTree = "<group>"; };
		A7B17CCD1FE1709C00A8B7DA /* InformationPopupExtensions.swift */ = {isa = PBXFileReference; lastKnownFileType = sourcecode.swift; path = InformationPopupExtensions.swift; sourceTree = "<group>"; };
		A7B17CCF1FE1CC5800A8B7DA /* WelcomeFirstPin.storyboard */ = {isa = PBXFileReference; lastKnownFileType = file.storyboard; path = WelcomeFirstPin.storyboard; sourceTree = "<group>"; };
		A7D1CBA11FD449780082BC02 /* UIButtonCustomDesign.swift */ = {isa = PBXFileReference; lastKnownFileType = sourcecode.swift; path = UIButtonCustomDesign.swift; sourceTree = "<group>"; };
		A7D1CBA41FD44AEA0082BC02 /* UINavigationBarCustomDesign.swift */ = {isa = PBXFileReference; lastKnownFileType = sourcecode.swift; path = UINavigationBarCustomDesign.swift; sourceTree = "<group>"; };
		A7D1CBAD1FD460660082BC02 /* UITextFieldCustomDesign.swift */ = {isa = PBXFileReference; lastKnownFileType = sourcecode.swift; path = UITextFieldCustomDesign.swift; sourceTree = "<group>"; };
		A7DD2E0E1FD1A7140009322E /* ProcessingUserData.swift */ = {isa = PBXFileReference; lastKnownFileType = sourcecode.swift; path = ProcessingUserData.swift; sourceTree = "<group>"; };
		A7DD2E101FD1A8440009322E /* PerformSegueExtensionFunctions.swift */ = {isa = PBXFileReference; lastKnownFileType = sourcecode.swift; path = PerformSegueExtensionFunctions.swift; sourceTree = "<group>"; };
		A7DD2E121FD1B1600009322E /* ServerAccessExtensionFunctions.swift */ = {isa = PBXFileReference; lastKnownFileType = sourcecode.swift; path = ServerAccessExtensionFunctions.swift; sourceTree = "<group>"; };
		A7DD2E141FD1B1EE0009322E /* SwiftKeyChainExtensionFunctions.swift */ = {isa = PBXFileReference; lastKnownFileType = sourcecode.swift; path = SwiftKeyChainExtensionFunctions.swift; sourceTree = "<group>"; };
		A7DD2E161FD1BEEE0009322E /* ValidationExtensionFunctions.swift */ = {isa = PBXFileReference; lastKnownFileType = sourcecode.swift; path = ValidationExtensionFunctions.swift; sourceTree = "<group>"; };
		A7DD2E361FD207CA0009322E /* UIViewExtensions.swift */ = {isa = PBXFileReference; lastKnownFileType = sourcecode.swift; path = UIViewExtensions.swift; sourceTree = "<group>"; };
		A7DD2E381FD2DC110009322E /* Information.swift */ = {isa = PBXFileReference; lastKnownFileType = sourcecode.swift; path = Information.swift; sourceTree = "<group>"; };
		AD1A34401FE1C41B0054801D /* InformationAlertView.swift */ = {isa = PBXFileReference; lastKnownFileType = sourcecode.swift; path = InformationAlertView.swift; sourceTree = "<group>"; };
		AD5A44451FE509B900266548 /* gender_woman.png */ = {isa = PBXFileReference; lastKnownFileType = image.png; path = gender_woman.png; sourceTree = "<group>"; };
		AD641ECC1FDDD254002E483B /* gender_man.png */ = {isa = PBXFileReference; lastKnownFileType = image.png; path = gender_man.png; sourceTree = "<group>"; };
		ADB505A81FDB1C6500F81046 /* SCLAlertView.swift */ = {isa = PBXFileReference; fileEncoding = 4; lastKnownFileType = sourcecode.swift; path = SCLAlertView.swift; sourceTree = "<group>"; };
		ADB505A91FDB1C6500F81046 /* SCLExtensions.swift */ = {isa = PBXFileReference; fileEncoding = 4; lastKnownFileType = sourcecode.swift; path = SCLExtensions.swift; sourceTree = "<group>"; };
		ADB505AC1FDB333B00F81046 /* image1.png */ = {isa = PBXFileReference; lastKnownFileType = image.png; path = image1.png; sourceTree = "<group>"; };
		ADB505AD1FDB333B00F81046 /* image2.png */ = {isa = PBXFileReference; lastKnownFileType = image.png; path = image2.png; sourceTree = "<group>"; };
		ADB505AE1FDB333B00F81046 /* image3.png */ = {isa = PBXFileReference; lastKnownFileType = image.png; path = image3.png; sourceTree = "<group>"; };
		ADB505B21FDB348500F81046 /* EntranceViewPerformSegueExtention.swift */ = {isa = PBXFileReference; lastKnownFileType = sourcecode.swift; path = EntranceViewPerformSegueExtention.swift; sourceTree = "<group>"; };
		BF2EAC58EB2B78FDCBF4F5D0 /* Pods_Project_Version_0_1.framework */ = {isa = PBXFileReference; explicitFileType = wrapper.framework; includeInIndex = 0; path = Pods_Project_Version_0_1.framework; sourceTree = BUILT_PRODUCTS_DIR; };
/* End PBXFileReference section */

/* Begin PBXFrameworksBuildPhase section */
		A75F40021FC0B7C600495228 /* Frameworks */ = {
			isa = PBXFrameworksBuildPhase;
			buildActionMask = 2147483647;
			files = (
				0476E4F9FFF99A10D02F1BB7 /* Pods_Project_Version_0_1.framework in Frameworks */,
			);
			runOnlyForDeploymentPostprocessing = 0;
		};
/* End PBXFrameworksBuildPhase section */

/* Begin PBXGroup section */
		A71811DB1FEA16A700771EE5 /* Gloria Hallelujah */ = {
			isa = PBXGroup;
			children = (
				A71811DC1FEA16B900771EE5 /* gloriahallelujah.ttf */,
				A71811DD1FEA16B900771EE5 /* KGFonts-TOU.txt */,
			);
			path = "Gloria Hallelujah";
			sourceTree = "<group>";
		};
		A7194DB11FEA213B00586038 /* Guidance */ = {
			isa = PBXGroup;
			children = (
				A7194DB61FEA224D00586038 /* right-drawn-arrow_white.png */,
				A7194DB41FEA21EC00586038 /* shake.png */,
				A7194DB21FEA214C00586038 /* shake_phone.png */,
			);
			path = Guidance;
			sourceTree = "<group>";
		};
		A71BDC4B1FDF1E930059EE43 /* ErrorImages */ = {
			isa = PBXGroup;
			children = (
				A71BDC4C1FDF1EA80059EE43 /* error@2x.png */,
			);
			path = ErrorImages;
			sourceTree = "<group>";
		};
		A72705BF1FC885A6006C2504 /* MainPage */ = {
			isa = PBXGroup;
			children = (
				A72705C01FC885B8006C2504 /* MainPageViewController.swift */,
			);
			path = MainPage;
			sourceTree = "<group>";
		};
		A72705CC1FC91DF3006C2504 /* ControllerExtensions */ = {
			isa = PBXGroup;
			children = (
				A75E3F5C1FE5ACDD007165DE /* WelcomeFirstPinPackage */,
				A75E3F5B1FE5ACCA007165DE /* LoginPackage */,
			);
			path = ControllerExtensions;
			sourceTree = "<group>";
		};
		A72AFBD01FCCC1A40018254E /* TemporaryAddImageController */ = {
			isa = PBXGroup;
			children = (
				A72705CD1FC91E9D006C2504 /* PickUserProfilePictureFunctions.swift */,
				A72AFBD51FCDCE110018254E /* CreateDatabaseFunctions.swift */,
				A72AFBE51FCDEDA70018254E /* SendVerificationExtensions.swift */,
			);
			path = TemporaryAddImageController;
			sourceTree = "<group>";
		};
		A72AFBD11FCCC1F80018254E /* VerificationViewControllerExtensions */ = {
			isa = PBXGroup;
			children = (
				A72AFBDB1FCDE4150018254E /* SendEmailVerificationAgainFunctions.swift */,
				A72AFBE21FCDE9BF0018254E /* DirectViewToOtherPagesFunctions.swift */,
				A733776D1FDE164200E40EAC /* InformationMessageForVerificationController.swift */,
			);
			path = VerificationViewControllerExtensions;
			sourceTree = "<group>";
		};
		A72AFBD41FCDCD960018254E /* StoryBoard */ = {
			isa = PBXGroup;
			children = (
				A75F40111FC0B7C600495228 /* LaunchScreen.storyboard */,
				A75F400C1FC0B7C600495228 /* Main.storyboard */,
				A7B17CCF1FE1CC5800A8B7DA /* WelcomeFirstPin.storyboard */,
			);
			path = StoryBoard;
			sourceTree = "<group>";
		};
		A72AFBE11FCDE8F60018254E /* IOS */ = {
			isa = PBXGroup;
			children = (
				A72AFBDF1FCDE8D70018254E /* ProjectSettingsConstants.swift */,
			);
			path = IOS;
			sourceTree = "<group>";
		};
		A72AFBE71FCDF7640018254E /* EmailMessages */ = {
			isa = PBXGroup;
			children = (
				A72AFBE81FCDF77C0018254E /* InformationMessages.swift */,
			);
			path = EmailMessages;
			sourceTree = "<group>";
		};
		A72AFBEC1FCE794C0018254E /* UIKitExtensions */ = {
			isa = PBXGroup;
			children = (
				A79FFB181FE8534A006D4D1E /* UIView+BezierPaths.swift */,
				A72705C21FC8973F006C2504 /* NavigationBarController.swift */,
				A7407F0A1FC799FA00DAAF44 /* UIButtonExtensions.swift */,
				A7407F0C1FC79B1D00DAAF44 /* UITextFieldExtensions.swift */,
				A72AFBED1FCE796D0018254E /* UIImageViewExtensions.swift */,
				A7DD2E361FD207CA0009322E /* UIViewExtensions.swift */,
				A767CEEA1FD4E61000E70B16 /* UINavigationItem.swift */,
				A767CEEF1FD5392400E70B16 /* UIAlertControllerCustomDesign.swift */,
			);
			path = UIKitExtensions;
			sourceTree = "<group>";
		};
		A72CAA711FD6853400308DED /* HideShowPasswordTextField */ = {
			isa = PBXGroup;
			children = (
				A72CAA891FD6857900308DED /* DesignClass */,
				A72CAA881FD6856300308DED /* Icons */,
			);
			name = HideShowPasswordTextField;
			path = "New Group";
			sourceTree = "<group>";
		};
		A72CAA881FD6856300308DED /* Icons */ = {
			isa = PBXGroup;
			children = (
				A72CAA761FD6855000308DED /* ic_eye_closed.png */,
				A72CAA751FD6855000308DED /* ic_eye_closed@2x.png */,
				A72CAA7C1FD6855200308DED /* ic_eye_closed@3x.png */,
				A72CAA791FD6855100308DED /* ic_eye_open.png */,
				A72CAA731FD6855000308DED /* ic_eye_open@2x.png */,
				A72CAA721FD6854F00308DED /* ic_eye_open@3x.png */,
				A72CAA7A1FD6855100308DED /* ic_password_checkmark.png */,
				A72CAA781FD6855100308DED /* ic_password_checkmark@2x.png */,
				A72CAA771FD6855000308DED /* ic_password_checkmark@3x.png */,
			);
			path = Icons;
			sourceTree = "<group>";
		};
		A72CAA891FD6857900308DED /* DesignClass */ = {
			isa = PBXGroup;
			children = (
				A72CAA741FD6855000308DED /* HideShowPasswordTextField.swift */,
				A72CAA7B1FD6855100308DED /* PasswordToggleVisibilityView.swift */,
			);
			path = DesignClass;
			sourceTree = "<group>";
		};
		A72CAA8C1FD685E900308DED /* Gender */ = {
			isa = PBXGroup;
			children = (
				A72CAA8A1FD685DF00308DED /* Genders.swift */,
			);
			path = Gender;
			sourceTree = "<group>";
		};
		A72CAA8D1FD689A800308DED /* RegistrationViews */ = {
			isa = PBXGroup;
			children = (
				A72CAA8E1FD689B200308DED /* RegisterViewControllerExtentions.swift */,
			);
			name = RegistrationViews;
			path = "New Group";
			sourceTree = "<group>";
		};
		A72CAA901FD689BE00308DED /* EntranceView */ = {
			isa = PBXGroup;
			children = (
				A72CAA911FD689D100308DED /* EntranceViewControllerExtention.swift */,
				ADB505B21FDB348500F81046 /* EntranceViewPerformSegueExtention.swift */,
			);
			name = EntranceView;
			path = "New Group1";
			sourceTree = "<group>";
		};
		A72D2C621FD85738008BE2D2 /* Fonts */ = {
			isa = PBXGroup;
			children = (
				A72D2C631FD85746008BE2D2 /* Text Fonts */,
			);
			path = Fonts;
			sourceTree = "<group>";
		};
		A72D2C631FD85746008BE2D2 /* Text Fonts */ = {
			isa = PBXGroup;
			children = (
				A71811DB1FEA16A700771EE5 /* Gloria Hallelujah */,
				A72D2C681FD85AB6008BE2D2 /* Pacifico */,
			);
			path = "Text Fonts";
			sourceTree = "<group>";
		};
		A72D2C681FD85AB6008BE2D2 /* Pacifico */ = {
			isa = PBXGroup;
			children = (
				A72D2C651FD85AA4008BE2D2 /* OFL.txt */,
				A72D2C641FD85AA4008BE2D2 /* Pacifico.ttf */,
			);
			path = Pacifico;
			sourceTree = "<group>";
		};
		A72D2C6B1FD9857B008BE2D2 /* KeyChainConstants */ = {
			isa = PBXGroup;
			children = (
				A72D2C6C1FD98594008BE2D2 /* KeyChainConstants.swift */,
			);
			path = KeyChainConstants;
			sourceTree = "<group>";
		};
		A738282D1FC352F3003C1827 /* LoginView */ = {
			isa = PBXGroup;
			children = (
				A75F40211FC0D99D00495228 /* LoginViewController.swift */,
			);
			path = LoginView;
			sourceTree = "<group>";
		};
		A738282E1FC35DBB003C1827 /* Validations */ = {
			isa = PBXGroup;
			children = (
				A738282F1FC35DCB003C1827 /* Validation.swift */,
			);
			path = Validations;
			sourceTree = "<group>";
		};
		A73828351FC3BE86003C1827 /* Firebase */ = {
			isa = PBXGroup;
			children = (
				A7407F031FC4B7C600DAAF44 /* GoogleService-Info.plist */,
			);
			path = Firebase;
			sourceTree = "<group>";
		};
		A73828361FC3E121003C1827 /* RegistrationViews */ = {
			isa = PBXGroup;
			children = (
				A75F40231FC0D9A600495228 /* RegisterViewController.swift */,
				A73828371FC3E196003C1827 /* VerificationViewController.swift */,
				A72705C61FC8A7E2006C2504 /* AddImageViewController.swift */,
			);
			path = RegistrationViews;
			sourceTree = "<group>";
		};
		A7407EFD1FC3EC4B00DAAF44 /* WelcomeView */ = {
			isa = PBXGroup;
			children = (
				A75F400A1FC0B7C600495228 /* ViewController.swift */,
			);
			path = WelcomeView;
			sourceTree = "<group>";
		};
		A7407EFE1FC3EC7F00DAAF44 /* EntranceView */ = {
			isa = PBXGroup;
			children = (
				A75F40251FC0DBCC00495228 /* EntranceViewController.swift */,
				A778D9F81FC9D5DF00F38438 /* PageItemController.swift */,
				A778D9F91FC9D5DF00F38438 /* PageViewController.swift */,
			);
			path = EntranceView;
			sourceTree = "<group>";
		};
		A7407EFF1FC3ECB400DAAF44 /* NavigationControllerView */ = {
			isa = PBXGroup;
			children = (
				A75F40341FC238B600495228 /* StartPageViewController.swift */,
			);
			path = NavigationControllerView;
			sourceTree = "<group>";
		};
		A74FD5EF1FDB7A6E00062483 /* RegistrationViewControllerExtensions */ = {
			isa = PBXGroup;
			children = (
				A74FD5F01FDB7A8800062483 /* ServerAccessExtensionFunctions_forRegistration.swift */,
				A74FD5F21FDB7C1C00062483 /* SwiftKeyChainExtensionFunctions_forRegistration.swift */,
				A7B17CCD1FE1709C00A8B7DA /* InformationPopupExtensions.swift */,
			);
			path = RegistrationViewControllerExtensions;
			sourceTree = "<group>";
		};
		A74FD5F41FDDC7E100062483 /* EnumGroups */ = {
			isa = PBXGroup;
			children = (
				A74FD5F51FDDC7F700062483 /* EnumWarning */,
			);
			path = EnumGroups;
			sourceTree = "<group>";
		};
		A74FD5F51FDDC7F700062483 /* EnumWarning */ = {
			isa = PBXGroup;
			children = (
				A74FD5F61FDDC80700062483 /* EnumForValidations.swift */,
			);
			path = EnumWarning;
			sourceTree = "<group>";
		};
		A75CE0661FED6B0E004703F5 /* DesignableImageViews */ = {
			isa = PBXGroup;
			children = (
				A75CE0671FED6B2E004703F5 /* UIImageViewCustomDesign.swift */,
			);
			path = DesignableImageViews;
			sourceTree = "<group>";
		};
		A75E3F2E1FE29ABD007165DE /* Recovered References */ = {
			isa = PBXGroup;
			children = (
			);
			name = "Recovered References";
			sourceTree = "<group>";
		};
		A75E3F3D1FE29D75007165DE /* Popover */ = {
			isa = PBXGroup;
			children = (
				A75E3F401FE29FE4007165DE /* FTConfiguration.swift */,
				A75E3F411FE29FE4007165DE /* FTConstants.swift */,
				A75E3F421FE29FE4007165DE /* FTPopOverMenu.swift */,
				A75E3F431FE29FE4007165DE /* FTPopOverMenuCell.swift */,
				A75E3F3E1FE29FE3007165DE /* UIControl+Point.swift */,
				A75E3F3F1FE29FE3007165DE /* UIScreen+Frame.swift */,
			);
			path = Popover;
			sourceTree = "<group>";
		};
		A75E3F4A1FE3310E007165DE /* WelcomeFirstPin */ = {
			isa = PBXGroup;
			children = (
				A75E3F501FE54341007165DE /* WelcomeFirstPinViewController.swift */,
				A75E3F661FE78DDC007165DE /* PinDataChoiseView.xib */,
				A79FFB161FE8521F006D4D1E /* PinDataChoiseView.swift */,
				A7194DAF1FEA1FF700586038 /* guidance_step1_ViewController.swift */,
				A7194DB81FEA231700586038 /* guidance_step2_ViewController.swift */,
				A7194DBA1FEA4BEE00586038 /* deneme_2_ViewController.swift */,
				A7194DBC1FED036E00586038 /* PinTextDataViewController.swift */,
				A75CE0601FED4280004703F5 /* PinDataPictureViewController.swift */,
				A75CE06D1FEDB2AA004703F5 /* PinDataVideoViewController.swift */,
			);
			path = WelcomeFirstPin;
			sourceTree = "<group>";
		};
		A75E3F4D1FE3C01B007165DE /* LoginPackage */ = {
			isa = PBXGroup;
			children = (
				A72705BF1FC885A6006C2504 /* MainPage */,
				A7407EFF1FC3ECB400DAAF44 /* NavigationControllerView */,
				A7407EFE1FC3EC7F00DAAF44 /* EntranceView */,
				A7407EFD1FC3EC4B00DAAF44 /* WelcomeView */,
				A73828361FC3E121003C1827 /* RegistrationViews */,
				A738282D1FC352F3003C1827 /* LoginView */,
			);
			path = LoginPackage;
			sourceTree = "<group>";
		};
		A75E3F521FE55288007165DE /* LocationImages */ = {
			isa = PBXGroup;
			children = (
				A75E3F551FE55551007165DE /* next.png */,
				A75E3F531FE55296007165DE /* location.png */,
			);
			path = LocationImages;
			sourceTree = "<group>";
		};
		A75E3F5B1FE5ACCA007165DE /* LoginPackage */ = {
			isa = PBXGroup;
			children = (
				A74FD5EF1FDB7A6E00062483 /* RegistrationViewControllerExtensions */,
				A72CAA901FD689BE00308DED /* EntranceView */,
				A7DD2E0B1FD1A4860009322E /* LoginViewExtensionFunction */,
				A72AFBD11FCCC1F80018254E /* VerificationViewControllerExtensions */,
				A72AFBD01FCCC1A40018254E /* TemporaryAddImageController */,
				A778D9FC1FCB271D00F38438 /* ExtensionLoginViewController */,
			);
			path = LoginPackage;
			sourceTree = "<group>";
		};
		A75E3F5C1FE5ACDD007165DE /* WelcomeFirstPinPackage */ = {
			isa = PBXGroup;
			children = (
				A75E3F5D1FE5ACF9007165DE /* WelcomeFirstPinExtensions */,
			);
			path = WelcomeFirstPinPackage;
			sourceTree = "<group>";
		};
		A75E3F5D1FE5ACF9007165DE /* WelcomeFirstPinExtensions */ = {
			isa = PBXGroup;
			children = (
				A75E3F5E1FE5AD16007165DE /* ParseLocationData.swift */,
				A75CE06B1FED8DDA004703F5 /* DecideToLoadPicture.swift */,
			);
			path = WelcomeFirstPinExtensions;
			sourceTree = "<group>";
		};
		A75E3F681FE79B53007165DE /* PopUpImages */ = {
			isa = PBXGroup;
			children = (
				A75E3F691FE79B69007165DE /* photo-camera.png */,
				A75E3F6A1FE79B69007165DE /* play-button.png */,
				A75E3F6B1FE79B69007165DE /* school-material.png */,
			);
			path = PopUpImages;
			sourceTree = "<group>";
		};
		A75F3FFC1FC0B7C600495228 = {
			isa = PBXGroup;
			children = (
				A75CE0731FEE63CD004703F5 /* IMG_0950.m4v */,
				A75F40071FC0B7C600495228 /* Project Version 0_1 */,
				A75F40061FC0B7C600495228 /* Products */,
				B936969B24BCE5B06DBD9517 /* Pods */,
				C502180E30BA6FDA6C25691D /* Frameworks */,
				A75E3F2E1FE29ABD007165DE /* Recovered References */,
			);
			sourceTree = "<group>";
		};
		A75F40061FC0B7C600495228 /* Products */ = {
			isa = PBXGroup;
			children = (
				A75F40051FC0B7C600495228 /* Project Version 0_1.app */,
			);
			name = Products;
			sourceTree = "<group>";
		};
		A75F40071FC0B7C600495228 /* Project Version 0_1 */ = {
			isa = PBXGroup;
			children = (
				A778D9E71FC9CA5300F38438 /* Images */,
				A73828351FC3BE86003C1827 /* Firebase */,
				A75F402D1FC1D3A000495228 /* DesignServices */,
				A75F40201FC0D60500495228 /* Extensions */,
				A75F401F1FC0D5FA00495228 /* Services */,
				A75F401E1FC0D5F300495228 /* Utils */,
				A75F401D1FC0D5EA00495228 /* Model */,
				A75F401B1FC0D5B400495228 /* View */,
				A75F401C1FC0D5DF00495228 /* Controller */,
				A72AFBD41FCDCD960018254E /* StoryBoard */,
				A75F400F1FC0B7C600495228 /* Assets.xcassets */,
				A75F40081FC0B7C600495228 /* AppDelegate.swift */,
				A75F40141FC0B7C600495228 /* Info.plist */,
				A7407F051FC4B8D100DAAF44 /* Project Version 0_1.entitlements */,
			);
			path = "Project Version 0_1";
			sourceTree = "<group>";
		};
		A75F401B1FC0D5B400495228 /* View */ = {
			isa = PBXGroup;
			children = (
				A7D1CB9F1FD4494D0082BC02 /* DesignableClasses */,
				A72CAA711FD6853400308DED /* HideShowPasswordTextField */,
			);
			path = View;
			sourceTree = "<group>";
		};
		A75F401C1FC0D5DF00495228 /* Controller */ = {
			isa = PBXGroup;
			children = (
				A75E3F4D1FE3C01B007165DE /* LoginPackage */,
				A75E3F4A1FE3310E007165DE /* WelcomeFirstPin */,
			);
			path = Controller;
			sourceTree = "<group>";
		};
		A75F401D1FC0D5EA00495228 /* Model */ = {
			isa = PBXGroup;
			children = (
				A72705C41FC8A2A6006C2504 /* User.swift */,
				A75E3F621FE5E6A5007165DE /* UserLocation.swift */,
				A75E3F591FE56D9E007165DE /* Location.swift */,
				A7DD2E381FD2DC110009322E /* Information.swift */,
				AD1A34401FE1C41B0054801D /* InformationAlertView.swift */,
				A79FFB1A1FE8547B006D4D1E /* PinDataChoiseAnnotationModel.swift */,
				A79FFB1E1FE8560C006D4D1E /* PinDataChoiseAnnotationView.swift */,
			);
			path = Model;
			sourceTree = "<group>";
		};
		A75F401E1FC0D5F300495228 /* Utils */ = {
			isa = PBXGroup;
			children = (
				A738282E1FC35DBB003C1827 /* Validations */,
				A75E3F3D1FE29D75007165DE /* Popover */,
				A74FD5F41FDDC7E100062483 /* EnumGroups */,
				A72D2C6B1FD9857B008BE2D2 /* KeyChainConstants */,
				A72D2C621FD85738008BE2D2 /* Fonts */,
				A72CAA8C1FD685E900308DED /* Gender */,
				A767CEE51FD4AA2F00E70B16 /* Alert */,
				A7DD2E3A1FD2DD7B0009322E /* Character */,
				A72AFBE71FCDF7640018254E /* EmailMessages */,
				A72AFBE11FCDE8F60018254E /* IOS */,
				A778D9E41FC9BC2700F38438 /* FirebaseModelConstants */,
			);
			path = Utils;
			sourceTree = "<group>";
		};
		A75F401F1FC0D5FA00495228 /* Services */ = {
			isa = PBXGroup;
			children = (
				A778D9E11FC9AE4600F38438 /* DatabaseServices */,
			);
			path = Services;
			sourceTree = "<group>";
		};
		A75F40201FC0D60500495228 /* Extensions */ = {
			isa = PBXGroup;
			children = (
				A72AFBEC1FCE794C0018254E /* UIKitExtensions */,
				A72CAA8D1FD689A800308DED /* RegistrationViews */,
				A72705CC1FC91DF3006C2504 /* ControllerExtensions */,
			);
			path = Extensions;
			sourceTree = "<group>";
		};
		A75F402D1FC1D3A000495228 /* DesignServices */ = {
			isa = PBXGroup;
			children = (
				A75F402E1FC1D3E300495228 /* UIViewDesign.swift */,
			);
			path = DesignServices;
			sourceTree = "<group>";
		};
		A767CEE51FD4AA2F00E70B16 /* Alert */ = {
			isa = PBXGroup;
			children = (
				A767CEE61FD4AA4200E70B16 /* AlertControllerConstants.swift */,
				ADB505A81FDB1C6500F81046 /* SCLAlertView.swift */,
				ADB505A91FDB1C6500F81046 /* SCLExtensions.swift */,
			);
			path = Alert;
			sourceTree = "<group>";
		};
		A778D9E11FC9AE4600F38438 /* DatabaseServices */ = {
			isa = PBXGroup;
			children = (
				A778D9E21FC9AE6200F38438 /* DatabaseUser.swift */,
				A75E3F601FE5B7A0007165DE /* DatabaseLocation.swift */,
				A75E3F641FE5E831007165DE /* DatabaseUserLocation.swift */,
			);
			path = DatabaseServices;
			sourceTree = "<group>";
		};
		A778D9E41FC9BC2700F38438 /* FirebaseModelConstants */ = {
			isa = PBXGroup;
			children = (
				A72CAA6B1FD5AF8200308DED /* DatabaseAccessConstant.swift */,
				A72AFBDD1FCDE8800018254E /* FirebaseDomainConstants.swift */,
				A778D9E51FC9BC4900F38438 /* UserAttributeNames.swift */,
				A72AFBD71FCDD2640018254E /* StorageConstantNames.swift */,
			);
			path = FirebaseModelConstants;
			sourceTree = "<group>";
		};
		A778D9E71FC9CA5300F38438 /* Images */ = {
			isa = PBXGroup;
			children = (
				A7194DB11FEA213B00586038 /* Guidance */,
				A79FFB201FE85E68006D4D1E /* PinImages */,
				A75E3F681FE79B53007165DE /* PopUpImages */,
				A75E3F521FE55288007165DE /* LocationImages */,
				A71BDC4B1FDF1E930059EE43 /* ErrorImages */,
				ADB505B41FDB38C800F81046 /* RegisterView */,
				ADB505AC1FDB333B00F81046 /* image1.png */,
				ADB505AD1FDB333B00F81046 /* image2.png */,
				ADB505AE1FDB333B00F81046 /* image3.png */,
				A72CAA4F1FD5AE0800308DED /* 556c83b791f3f8325a657fed2c7bee59--iphone--wallpaper-phone-wallpapers.jpg */,
				A71B49FD1FD3112400B69E71 /* camera_icon_new.png */,
				A72705CA1FC8AD32006C2504 /* 556c83b791f3f8325a657fed2c7bee59--iphone--wallpaper-phone-wallpapers.jpg */,
			);
			path = Images;
			sourceTree = "<group>";
		};
		A778D9FC1FCB271D00F38438 /* ExtensionLoginViewController */ = {
			isa = PBXGroup;
			children = (
				A72AFBCE1FCCBCF30018254E /* PrepareUserProfileData.swift */,
			);
			path = ExtensionLoginViewController;
			sourceTree = "<group>";
		};
		A79FFB201FE85E68006D4D1E /* PinImages */ = {
			isa = PBXGroup;
			children = (
				A75CE0691FED6E67004703F5 /* edit_profile_icon.png */,
				A75CE0621FED4DB7004703F5 /* check-mark.png */,
				A75CE0631FED4DB7004703F5 /* toxic-cross.png */,
				A79FFB211FE85E91006D4D1E /* maps64.png */,
			);
			path = PinImages;
			sourceTree = "<group>";
		};
		A7D1CB9F1FD4494D0082BC02 /* DesignableClasses */ = {
			isa = PBXGroup;
			children = (
				A75CE0661FED6B0E004703F5 /* DesignableImageViews */,
				A7D1CBAC1FD460490082BC02 /* DesignableTextField */,
				A7D1CBA31FD44ACC0082BC02 /* DesignableNavigationItems */,
				A7D1CBA01FD4495B0082BC02 /* DesignableButtons */,
			);
			path = DesignableClasses;
			sourceTree = "<group>";
		};
		A7D1CBA01FD4495B0082BC02 /* DesignableButtons */ = {
			isa = PBXGroup;
			children = (
				A7D1CBA11FD449780082BC02 /* UIButtonCustomDesign.swift */,
			);
			path = DesignableButtons;
			sourceTree = "<group>";
		};
		A7D1CBA31FD44ACC0082BC02 /* DesignableNavigationItems */ = {
			isa = PBXGroup;
			children = (
				A7D1CBA41FD44AEA0082BC02 /* UINavigationBarCustomDesign.swift */,
			);
			path = DesignableNavigationItems;
			sourceTree = "<group>";
		};
		A7D1CBAC1FD460490082BC02 /* DesignableTextField */ = {
			isa = PBXGroup;
			children = (
				A72CAA6D1FD5B18D00308DED /* DesignableUITextField.swift */,
				A7D1CBAD1FD460660082BC02 /* UITextFieldCustomDesign.swift */,
			);
			path = DesignableTextField;
			sourceTree = "<group>";
		};
		A7DD2E0B1FD1A4860009322E /* LoginViewExtensionFunction */ = {
			isa = PBXGroup;
			children = (
				A7DD2E0E1FD1A7140009322E /* ProcessingUserData.swift */,
				A7DD2E101FD1A8440009322E /* PerformSegueExtensionFunctions.swift */,
				A7DD2E121FD1B1600009322E /* ServerAccessExtensionFunctions.swift */,
				A7DD2E141FD1B1EE0009322E /* SwiftKeyChainExtensionFunctions.swift */,
				A7DD2E161FD1BEEE0009322E /* ValidationExtensionFunctions.swift */,
				A767CEE81FD4B3C200E70B16 /* InformationMessageExtensionFunctions.swift */,
				A72D2C741FDB00A4008BE2D2 /* NavigationBarExtensionFunctions.swift */,
			);
			path = LoginViewExtensionFunction;
			sourceTree = "<group>";
		};
		A7DD2E3A1FD2DD7B0009322E /* Character */ = {
			isa = PBXGroup;
			children = (
				A73828311FC36379003C1827 /* ConstantCharacters.swift */,
				A7407F061FC705D000DAAF44 /* ConstanctUserKeyValues.swift */,
			);
			path = Character;
			sourceTree = "<group>";
		};
		ADB505B41FDB38C800F81046 /* RegisterView */ = {
			isa = PBXGroup;
			children = (
				AD5A44451FE509B900266548 /* gender_woman.png */,
				AD641ECC1FDDD254002E483B /* gender_man.png */,
			);
			path = RegisterView;
			sourceTree = "<group>";
		};
		B936969B24BCE5B06DBD9517 /* Pods */ = {
			isa = PBXGroup;
			children = (
				A148C3682F780F8F696B8FB2 /* Pods-Project Version 0_1.debug.xcconfig */,
				757CC8AC01F59DF3A869DAD9 /* Pods-Project Version 0_1.release.xcconfig */,
			);
			name = Pods;
			sourceTree = "<group>";
		};
		C502180E30BA6FDA6C25691D /* Frameworks */ = {
			isa = PBXGroup;
			children = (
				BF2EAC58EB2B78FDCBF4F5D0 /* Pods_Project_Version_0_1.framework */,
			);
			name = Frameworks;
			sourceTree = "<group>";
		};
/* End PBXGroup section */

/* Begin PBXNativeTarget section */
		A75F40041FC0B7C600495228 /* Project Version 0_1 */ = {
			isa = PBXNativeTarget;
			buildConfigurationList = A75F40171FC0B7C600495228 /* Build configuration list for PBXNativeTarget "Project Version 0_1" */;
			buildPhases = (
				424A16495C061549AD5F2A12 /* [CP] Check Pods Manifest.lock */,
				A75F40011FC0B7C600495228 /* Sources */,
				A75F40021FC0B7C600495228 /* Frameworks */,
				A75F40031FC0B7C600495228 /* Resources */,
				92284B36024D6D7BFCEAB57E /* [CP] Embed Pods Frameworks */,
				7950176CA3AE9510E4F082E7 /* [CP] Copy Pods Resources */,
			);
			buildRules = (
			);
			dependencies = (
			);
			name = "Project Version 0_1";
			productName = "Project Version 0_1";
			productReference = A75F40051FC0B7C600495228 /* Project Version 0_1.app */;
			productType = "com.apple.product-type.application";
		};
/* End PBXNativeTarget section */

/* Begin PBXProject section */
		A75F3FFD1FC0B7C600495228 /* Project object */ = {
			isa = PBXProject;
			attributes = {
				LastSwiftUpdateCheck = 0910;
				LastUpgradeCheck = 0910;
				ORGANIZATIONNAME = "Erkut Baş";
				TargetAttributes = {
					A75F40041FC0B7C600495228 = {
						CreatedOnToolsVersion = 9.1;
						ProvisioningStyle = Automatic;
						SystemCapabilities = {
							com.apple.SafariKeychain = {
								enabled = 1;
							};
						};
					};
				};
			};
			buildConfigurationList = A75F40001FC0B7C600495228 /* Build configuration list for PBXProject "Project Version 0_1" */;
			compatibilityVersion = "Xcode 8.0";
			developmentRegion = en;
			hasScannedForEncodings = 0;
			knownRegions = (
				en,
				Base,
			);
			mainGroup = A75F3FFC1FC0B7C600495228;
			productRefGroup = A75F40061FC0B7C600495228 /* Products */;
			projectDirPath = "";
			projectRoot = "";
			targets = (
				A75F40041FC0B7C600495228 /* Project Version 0_1 */,
			);
		};
/* End PBXProject section */

/* Begin PBXResourcesBuildPhase section */
		A75F40031FC0B7C600495228 /* Resources */ = {
			isa = PBXResourcesBuildPhase;
			buildActionMask = 2147483647;
			files = (
				A72D2C671FD85AA4008BE2D2 /* OFL.txt in Resources */,
				A75E3F6C1FE79B69007165DE /* photo-camera.png in Resources */,
				A72CAA5C1FD5AE0900308DED /* 556c83b791f3f8325a657fed2c7bee59--iphone--wallpaper-phone-wallpapers.jpg in Resources */,
				A75E3F561FE55551007165DE /* next.png in Resources */,
				A72CAA7E1FD6855200308DED /* ic_eye_open@2x.png in Resources */,
				A75E3F6E1FE79B69007165DE /* school-material.png in Resources */,
				A71811DF1FEA16B900771EE5 /* KGFonts-TOU.txt in Resources */,
				A71B49FE1FD3112400B69E71 /* camera_icon_new.png in Resources */,
				A72CAA841FD6855200308DED /* ic_eye_open.png in Resources */,
				A7B17CD01FE1CC5800A8B7DA /* WelcomeFirstPin.storyboard in Resources */,
				ADB505B01FDB333B00F81046 /* image2.png in Resources */,
				AD5A44461FE509BA00266548 /* gender_woman.png in Resources */,
				A72CAA831FD6855200308DED /* ic_password_checkmark@2x.png in Resources */,
				A75F40131FC0B7C600495228 /* LaunchScreen.storyboard in Resources */,
				A75CE0651FED4DB8004703F5 /* toxic-cross.png in Resources */,
				A71BDC4D1FDF1EA80059EE43 /* error@2x.png in Resources */,
				AD641ECE1FDDD254002E483B /* gender_man.png in Resources */,
				A72D2C661FD85AA4008BE2D2 /* Pacifico.ttf in Resources */,
				A75E3F6D1FE79B69007165DE /* play-button.png in Resources */,
				A72CAA811FD6855200308DED /* ic_eye_closed.png in Resources */,
				A7194DB71FEA224D00586038 /* right-drawn-arrow_white.png in Resources */,
				A72705CB1FC8AD33006C2504 /* 556c83b791f3f8325a657fed2c7bee59--iphone--wallpaper-phone-wallpapers.jpg in Resources */,
				A72CAA851FD6855200308DED /* ic_password_checkmark.png in Resources */,
				A75F40101FC0B7C600495228 /* Assets.xcassets in Resources */,
				A75CE0641FED4DB8004703F5 /* check-mark.png in Resources */,
				A72CAA801FD6855200308DED /* ic_eye_closed@2x.png in Resources */,
				A72CAA7D1FD6855200308DED /* ic_eye_open@3x.png in Resources */,
				A71811DE1FEA16B900771EE5 /* gloriahallelujah.ttf in Resources */,
				A7407F041FC4B7C600DAAF44 /* GoogleService-Info.plist in Resources */,
				A79FFB221FE85E91006D4D1E /* maps64.png in Resources */,
				A75CE06A1FED6E67004703F5 /* edit_profile_icon.png in Resources */,
				A7194DB31FEA214D00586038 /* shake_phone.png in Resources */,
				A7194DB51FEA21ED00586038 /* shake.png in Resources */,
				A72CAA821FD6855200308DED /* ic_password_checkmark@3x.png in Resources */,
				A72CAA871FD6855200308DED /* ic_eye_closed@3x.png in Resources */,
				ADB505AF1FDB333B00F81046 /* image1.png in Resources */,
				A75F400E1FC0B7C600495228 /* Main.storyboard in Resources */,
				A75E3F671FE78DDC007165DE /* PinDataChoiseView.xib in Resources */,
				A75E3F541FE55296007165DE /* location.png in Resources */,
				ADB505B11FDB333B00F81046 /* image3.png in Resources */,
			);
			runOnlyForDeploymentPostprocessing = 0;
		};
/* End PBXResourcesBuildPhase section */

/* Begin PBXShellScriptBuildPhase section */
		424A16495C061549AD5F2A12 /* [CP] Check Pods Manifest.lock */ = {
			isa = PBXShellScriptBuildPhase;
			buildActionMask = 2147483647;
			files = (
			);
			inputPaths = (
				"${PODS_PODFILE_DIR_PATH}/Podfile.lock",
				"${PODS_ROOT}/Manifest.lock",
			);
			name = "[CP] Check Pods Manifest.lock";
			outputPaths = (
				"$(DERIVED_FILE_DIR)/Pods-Project Version 0_1-checkManifestLockResult.txt",
			);
			runOnlyForDeploymentPostprocessing = 0;
			shellPath = /bin/sh;
			shellScript = "diff \"${PODS_PODFILE_DIR_PATH}/Podfile.lock\" \"${PODS_ROOT}/Manifest.lock\" > /dev/null\nif [ $? != 0 ] ; then\n    # print error to STDERR\n    echo \"error: The sandbox is not in sync with the Podfile.lock. Run 'pod install' or update your CocoaPods installation.\" >&2\n    exit 1\nfi\n# This output is used by Xcode 'outputs' to avoid re-running this script phase.\necho \"SUCCESS\" > \"${SCRIPT_OUTPUT_FILE_0}\"\n";
			showEnvVarsInLog = 0;
		};
		7950176CA3AE9510E4F082E7 /* [CP] Copy Pods Resources */ = {
			isa = PBXShellScriptBuildPhase;
			buildActionMask = 2147483647;
			files = (
			);
			inputPaths = (
				"${SRCROOT}/Pods/Target Support Files/Pods-Project Version 0_1/Pods-Project Version 0_1-resources.sh",
				"${PODS_ROOT}/TwitterKit/iOS/TwitterKit.framework/TwitterKitResources.bundle",
				"${PODS_ROOT}/TwitterKit/iOS/TwitterKit.framework/TwitterShareExtensionUIResources.bundle",
			);
			name = "[CP] Copy Pods Resources";
			outputPaths = (
				"${TARGET_BUILD_DIR}/${UNLOCALIZED_RESOURCES_FOLDER_PATH}",
			);
			runOnlyForDeploymentPostprocessing = 0;
			shellPath = /bin/sh;
			shellScript = "\"${SRCROOT}/Pods/Target Support Files/Pods-Project Version 0_1/Pods-Project Version 0_1-resources.sh\"\n";
			showEnvVarsInLog = 0;
		};
		92284B36024D6D7BFCEAB57E /* [CP] Embed Pods Frameworks */ = {
			isa = PBXShellScriptBuildPhase;
			buildActionMask = 2147483647;
			files = (
			);
			inputPaths = (
				"${SRCROOT}/Pods/Target Support Files/Pods-Project Version 0_1/Pods-Project Version 0_1-frameworks.sh",
				"${BUILT_PRODUCTS_DIR}/Bolts/Bolts.framework",
				"${BUILT_PRODUCTS_DIR}/CheckBox/CheckBox.framework",
				"${BUILT_PRODUCTS_DIR}/FBSDKCoreKit/FBSDKCoreKit.framework",
				"${BUILT_PRODUCTS_DIR}/FBSDKLoginKit/FBSDKLoginKit.framework",
				"${BUILT_PRODUCTS_DIR}/FBSDKShareKit/FBSDKShareKit.framework",
				"${BUILT_PRODUCTS_DIR}/GTMSessionFetcher/GTMSessionFetcher.framework",
				"${BUILT_PRODUCTS_DIR}/GoogleToolboxForMac/GoogleToolboxForMac.framework",
				"${BUILT_PRODUCTS_DIR}/IQKeyboardManagerSwift/IQKeyboardManagerSwift.framework",
				"${BUILT_PRODUCTS_DIR}/SwiftKeychainWrapper/SwiftKeychainWrapper.framework",
				"${BUILT_PRODUCTS_DIR}/TextFieldEffects/TextFieldEffects.framework",
				"${BUILT_PRODUCTS_DIR}/leveldb-library/leveldb.framework",
				"${BUILT_PRODUCTS_DIR}/nanopb/nanopb.framework",
			);
			name = "[CP] Embed Pods Frameworks";
			outputPaths = (
				"${TARGET_BUILD_DIR}/${FRAMEWORKS_FOLDER_PATH}/Bolts.framework",
				"${TARGET_BUILD_DIR}/${FRAMEWORKS_FOLDER_PATH}/CheckBox.framework",
				"${TARGET_BUILD_DIR}/${FRAMEWORKS_FOLDER_PATH}/FBSDKCoreKit.framework",
				"${TARGET_BUILD_DIR}/${FRAMEWORKS_FOLDER_PATH}/FBSDKLoginKit.framework",
				"${TARGET_BUILD_DIR}/${FRAMEWORKS_FOLDER_PATH}/FBSDKShareKit.framework",
				"${TARGET_BUILD_DIR}/${FRAMEWORKS_FOLDER_PATH}/GTMSessionFetcher.framework",
				"${TARGET_BUILD_DIR}/${FRAMEWORKS_FOLDER_PATH}/GoogleToolboxForMac.framework",
				"${TARGET_BUILD_DIR}/${FRAMEWORKS_FOLDER_PATH}/IQKeyboardManagerSwift.framework",
				"${TARGET_BUILD_DIR}/${FRAMEWORKS_FOLDER_PATH}/SwiftKeychainWrapper.framework",
				"${TARGET_BUILD_DIR}/${FRAMEWORKS_FOLDER_PATH}/TextFieldEffects.framework",
				"${TARGET_BUILD_DIR}/${FRAMEWORKS_FOLDER_PATH}/leveldb.framework",
				"${TARGET_BUILD_DIR}/${FRAMEWORKS_FOLDER_PATH}/nanopb.framework",
			);
			runOnlyForDeploymentPostprocessing = 0;
			shellPath = /bin/sh;
			shellScript = "\"${SRCROOT}/Pods/Target Support Files/Pods-Project Version 0_1/Pods-Project Version 0_1-frameworks.sh\"\n";
			showEnvVarsInLog = 0;
		};
/* End PBXShellScriptBuildPhase section */

/* Begin PBXSourcesBuildPhase section */
		A75F40011FC0B7C600495228 /* Sources */ = {
			isa = PBXSourcesBuildPhase;
			buildActionMask = 2147483647;
			files = (
				A75E3F5F1FE5AD16007165DE /* ParseLocationData.swift in Sources */,
				AD1A34411FE1C41B0054801D /* InformationAlertView.swift in Sources */,
				A72CAA6C1FD5AF8200308DED /* DatabaseAccessConstant.swift in Sources */,
				A733776E1FDE164200E40EAC /* InformationMessageForVerificationController.swift in Sources */,
				A72CAA6E1FD5B18D00308DED /* DesignableUITextField.swift in Sources */,
				A73828381FC3E196003C1827 /* VerificationViewController.swift in Sources */,
				A74FD5F11FDB7A8800062483 /* ServerAccessExtensionFunctions_forRegistration.swift in Sources */,
				A74FD5F71FDDC80700062483 /* EnumForValidations.swift in Sources */,
				A79FFB171FE8521F006D4D1E /* PinDataChoiseView.swift in Sources */,
				A75CE0681FED6B2E004703F5 /* UIImageViewCustomDesign.swift in Sources */,
				A72AFBD61FCDCE110018254E /* CreateDatabaseFunctions.swift in Sources */,
				A767CEE71FD4AA4200E70B16 /* AlertControllerConstants.swift in Sources */,
				A7DD2E131FD1B1600009322E /* ServerAccessExtensionFunctions.swift in Sources */,
				A75F402F1FC1D3E300495228 /* UIViewDesign.swift in Sources */,
				A72D2C6D1FD98594008BE2D2 /* KeyChainConstants.swift in Sources */,
				A7DD2E371FD207CA0009322E /* UIViewExtensions.swift in Sources */,
				A72705C71FC8A7E2006C2504 /* AddImageViewController.swift in Sources */,
				A7194DBB1FEA4BEE00586038 /* deneme_2_ViewController.swift in Sources */,
				A72CAA861FD6855200308DED /* PasswordToggleVisibilityView.swift in Sources */,
				A75E3F441FE29FE4007165DE /* UIControl+Point.swift in Sources */,
				A75E3F481FE29FE4007165DE /* FTPopOverMenu.swift in Sources */,
				A7194DB01FEA1FF700586038 /* guidance_step1_ViewController.swift in Sources */,
				A72AFBE61FCDEDA70018254E /* SendVerificationExtensions.swift in Sources */,
				A7B17CCE1FE1709C00A8B7DA /* InformationPopupExtensions.swift in Sources */,
				ADB505AA1FDB1C6500F81046 /* SCLAlertView.swift in Sources */,
				A7DD2E171FD1BEEE0009322E /* ValidationExtensionFunctions.swift in Sources */,
				A7407F071FC705D000DAAF44 /* ConstanctUserKeyValues.swift in Sources */,
				A73828321FC36379003C1827 /* ConstantCharacters.swift in Sources */,
				A778D9E31FC9AE6200F38438 /* DatabaseUser.swift in Sources */,
				A79FFB191FE8534A006D4D1E /* UIView+BezierPaths.swift in Sources */,
				A75E3F461FE29FE4007165DE /* FTConfiguration.swift in Sources */,
				A7DD2E0F1FD1A7140009322E /* ProcessingUserData.swift in Sources */,
				A75E3F491FE29FE4007165DE /* FTPopOverMenuCell.swift in Sources */,
				A79FFB1B1FE8547B006D4D1E /* PinDataChoiseAnnotationModel.swift in Sources */,
				ADB505AB1FDB1C6500F81046 /* SCLExtensions.swift in Sources */,
				A75F40221FC0D99D00495228 /* LoginViewController.swift in Sources */,
				A75F40351FC238B600495228 /* StartPageViewController.swift in Sources */,
				A778D9E61FC9BC4900F38438 /* UserAttributeNames.swift in Sources */,
				A72CAA921FD689D100308DED /* EntranceViewControllerExtention.swift in Sources */,
				A767CEF01FD5392400E70B16 /* UIAlertControllerCustomDesign.swift in Sources */,
				A72AFBE31FCDE9BF0018254E /* DirectViewToOtherPagesFunctions.swift in Sources */,
				A767CEEB1FD4E61000E70B16 /* UINavigationItem.swift in Sources */,
				A72705C51FC8A2A6006C2504 /* User.swift in Sources */,
				A778D9FA1FC9D5DF00F38438 /* PageItemController.swift in Sources */,
				A7194DBD1FED036E00586038 /* PinTextDataViewController.swift in Sources */,
				A75E3F651FE5E831007165DE /* DatabaseUserLocation.swift in Sources */,
				A75F400B1FC0B7C600495228 /* ViewController.swift in Sources */,
				A75E3F631FE5E6A5007165DE /* UserLocation.swift in Sources */,
				A7D1CBA51FD44AEA0082BC02 /* UINavigationBarCustomDesign.swift in Sources */,
				A72705C31FC8973F006C2504 /* NavigationBarController.swift in Sources */,
				A7D1CBA21FD449780082BC02 /* UIButtonCustomDesign.swift in Sources */,
				A74FD5F31FDB7C1C00062483 /* SwiftKeyChainExtensionFunctions_forRegistration.swift in Sources */,
				A75E3F451FE29FE4007165DE /* UIScreen+Frame.swift in Sources */,
				A75E3F511FE54341007165DE /* WelcomeFirstPinViewController.swift in Sources */,
				A72705CE1FC91E9D006C2504 /* PickUserProfilePictureFunctions.swift in Sources */,
				A75E3F471FE29FE4007165DE /* FTConstants.swift in Sources */,
				A72D2C751FDB00A4008BE2D2 /* NavigationBarExtensionFunctions.swift in Sources */,
				A7DD2E111FD1A8440009322E /* PerformSegueExtensionFunctions.swift in Sources */,
				A75F40091FC0B7C600495228 /* AppDelegate.swift in Sources */,
				A72AFBD81FCDD2640018254E /* StorageConstantNames.swift in Sources */,
				A72AFBCF1FCCBCF30018254E /* PrepareUserProfileData.swift in Sources */,
				A75F40241FC0D9A600495228 /* RegisterViewController.swift in Sources */,
				A7407F0B1FC799FA00DAAF44 /* UIButtonExtensions.swift in Sources */,
				A72AFBDC1FCDE4150018254E /* SendEmailVerificationAgainFunctions.swift in Sources */,
				A73828301FC35DCB003C1827 /* Validation.swift in Sources */,
				A75CE06C1FED8DDA004703F5 /* DecideToLoadPicture.swift in Sources */,
				A72AFBDE1FCDE8800018254E /* FirebaseDomainConstants.swift in Sources */,
				A72AFBEE1FCE796D0018254E /* UIImageViewExtensions.swift in Sources */,
				A75CE06E1FEDB2AA004703F5 /* PinDataVideoViewController.swift in Sources */,
				A7407F0D1FC79B1D00DAAF44 /* UITextFieldExtensions.swift in Sources */,
				A75E3F611FE5B7A0007165DE /* DatabaseLocation.swift in Sources */,
				A75E3F5A1FE56D9F007165DE /* Location.swift in Sources */,
				A7DD2E151FD1B1EE0009322E /* SwiftKeyChainExtensionFunctions.swift in Sources */,
				A7DD2E391FD2DC110009322E /* Information.swift in Sources */,
				A767CEE91FD4B3C200E70B16 /* InformationMessageExtensionFunctions.swift in Sources */,
				A72CAA8B1FD685E000308DED /* Genders.swift in Sources */,
				A72CAA7F1FD6855200308DED /* HideShowPasswordTextField.swift in Sources */,
				ADB505B31FDB348500F81046 /* EntranceViewPerformSegueExtention.swift in Sources */,
				A7194DB91FEA231700586038 /* guidance_step2_ViewController.swift in Sources */,
				A778D9FB1FC9D5DF00F38438 /* PageViewController.swift in Sources */,
				A72AFBE91FCDF77C0018254E /* InformationMessages.swift in Sources */,
				A75CE0611FED4280004703F5 /* PinDataPictureViewController.swift in Sources */,
				A79FFB1F1FE8560C006D4D1E /* PinDataChoiseAnnotationView.swift in Sources */,
				A7D1CBAE1FD460660082BC02 /* UITextFieldCustomDesign.swift in Sources */,
				A72CAA8F1FD689B200308DED /* RegisterViewControllerExtentions.swift in Sources */,
				A72705C11FC885B8006C2504 /* MainPageViewController.swift in Sources */,
				A72AFBE01FCDE8D70018254E /* ProjectSettingsConstants.swift in Sources */,
				A75F40261FC0DBCC00495228 /* EntranceViewController.swift in Sources */,
			);
			runOnlyForDeploymentPostprocessing = 0;
		};
/* End PBXSourcesBuildPhase section */

/* Begin PBXVariantGroup section */
		A75F400C1FC0B7C600495228 /* Main.storyboard */ = {
			isa = PBXVariantGroup;
			children = (
				A75F400D1FC0B7C600495228 /* Base */,
			);
			name = Main.storyboard;
			sourceTree = "<group>";
		};
		A75F40111FC0B7C600495228 /* LaunchScreen.storyboard */ = {
			isa = PBXVariantGroup;
			children = (
				A75F40121FC0B7C600495228 /* Base */,
			);
			name = LaunchScreen.storyboard;
			sourceTree = "<group>";
		};
/* End PBXVariantGroup section */

/* Begin XCBuildConfiguration section */
		A75F40151FC0B7C600495228 /* Debug */ = {
			isa = XCBuildConfiguration;
			buildSettings = {
				ALWAYS_SEARCH_USER_PATHS = NO;
				CLANG_ANALYZER_NONNULL = YES;
				CLANG_ANALYZER_NUMBER_OBJECT_CONVERSION = YES_AGGRESSIVE;
				CLANG_CXX_LANGUAGE_STANDARD = "gnu++14";
				CLANG_CXX_LIBRARY = "libc++";
				CLANG_ENABLE_MODULES = YES;
				CLANG_ENABLE_OBJC_ARC = YES;
				CLANG_WARN_BLOCK_CAPTURE_AUTORELEASING = YES;
				CLANG_WARN_BOOL_CONVERSION = YES;
				CLANG_WARN_COMMA = YES;
				CLANG_WARN_CONSTANT_CONVERSION = YES;
				CLANG_WARN_DIRECT_OBJC_ISA_USAGE = YES_ERROR;
				CLANG_WARN_DOCUMENTATION_COMMENTS = YES;
				CLANG_WARN_EMPTY_BODY = YES;
				CLANG_WARN_ENUM_CONVERSION = YES;
				CLANG_WARN_INFINITE_RECURSION = YES;
				CLANG_WARN_INT_CONVERSION = YES;
				CLANG_WARN_NON_LITERAL_NULL_CONVERSION = YES;
				CLANG_WARN_OBJC_LITERAL_CONVERSION = YES;
				CLANG_WARN_OBJC_ROOT_CLASS = YES_ERROR;
				CLANG_WARN_RANGE_LOOP_ANALYSIS = YES;
				CLANG_WARN_STRICT_PROTOTYPES = YES;
				CLANG_WARN_SUSPICIOUS_MOVE = YES;
				CLANG_WARN_UNGUARDED_AVAILABILITY = YES_AGGRESSIVE;
				CLANG_WARN_UNREACHABLE_CODE = YES;
				CLANG_WARN__DUPLICATE_METHOD_MATCH = YES;
				CODE_SIGN_IDENTITY = "iPhone Developer";
				COPY_PHASE_STRIP = NO;
				DEBUG_INFORMATION_FORMAT = dwarf;
				ENABLE_STRICT_OBJC_MSGSEND = YES;
				ENABLE_TESTABILITY = YES;
				GCC_C_LANGUAGE_STANDARD = gnu11;
				GCC_DYNAMIC_NO_PIC = NO;
				GCC_NO_COMMON_BLOCKS = YES;
				GCC_OPTIMIZATION_LEVEL = 0;
				GCC_PREPROCESSOR_DEFINITIONS = (
					"DEBUG=1",
					"$(inherited)",
				);
				GCC_WARN_64_TO_32_BIT_CONVERSION = YES;
				GCC_WARN_ABOUT_RETURN_TYPE = YES_ERROR;
				GCC_WARN_UNDECLARED_SELECTOR = YES;
				GCC_WARN_UNINITIALIZED_AUTOS = YES_AGGRESSIVE;
				GCC_WARN_UNUSED_FUNCTION = YES;
				GCC_WARN_UNUSED_VARIABLE = YES;
				IPHONEOS_DEPLOYMENT_TARGET = 11.1;
				MTL_ENABLE_DEBUG_INFO = YES;
				ONLY_ACTIVE_ARCH = YES;
				SDKROOT = iphoneos;
				SWIFT_ACTIVE_COMPILATION_CONDITIONS = DEBUG;
				SWIFT_OPTIMIZATION_LEVEL = "-Onone";
			};
			name = Debug;
		};
		A75F40161FC0B7C600495228 /* Release */ = {
			isa = XCBuildConfiguration;
			buildSettings = {
				ALWAYS_SEARCH_USER_PATHS = NO;
				CLANG_ANALYZER_NONNULL = YES;
				CLANG_ANALYZER_NUMBER_OBJECT_CONVERSION = YES_AGGRESSIVE;
				CLANG_CXX_LANGUAGE_STANDARD = "gnu++14";
				CLANG_CXX_LIBRARY = "libc++";
				CLANG_ENABLE_MODULES = YES;
				CLANG_ENABLE_OBJC_ARC = YES;
				CLANG_WARN_BLOCK_CAPTURE_AUTORELEASING = YES;
				CLANG_WARN_BOOL_CONVERSION = YES;
				CLANG_WARN_COMMA = YES;
				CLANG_WARN_CONSTANT_CONVERSION = YES;
				CLANG_WARN_DIRECT_OBJC_ISA_USAGE = YES_ERROR;
				CLANG_WARN_DOCUMENTATION_COMMENTS = YES;
				CLANG_WARN_EMPTY_BODY = YES;
				CLANG_WARN_ENUM_CONVERSION = YES;
				CLANG_WARN_INFINITE_RECURSION = YES;
				CLANG_WARN_INT_CONVERSION = YES;
				CLANG_WARN_NON_LITERAL_NULL_CONVERSION = YES;
				CLANG_WARN_OBJC_LITERAL_CONVERSION = YES;
				CLANG_WARN_OBJC_ROOT_CLASS = YES_ERROR;
				CLANG_WARN_RANGE_LOOP_ANALYSIS = YES;
				CLANG_WARN_STRICT_PROTOTYPES = YES;
				CLANG_WARN_SUSPICIOUS_MOVE = YES;
				CLANG_WARN_UNGUARDED_AVAILABILITY = YES_AGGRESSIVE;
				CLANG_WARN_UNREACHABLE_CODE = YES;
				CLANG_WARN__DUPLICATE_METHOD_MATCH = YES;
				CODE_SIGN_IDENTITY = "iPhone Developer";
				COPY_PHASE_STRIP = NO;
				DEBUG_INFORMATION_FORMAT = "dwarf-with-dsym";
				ENABLE_NS_ASSERTIONS = NO;
				ENABLE_STRICT_OBJC_MSGSEND = YES;
				GCC_C_LANGUAGE_STANDARD = gnu11;
				GCC_NO_COMMON_BLOCKS = YES;
				GCC_WARN_64_TO_32_BIT_CONVERSION = YES;
				GCC_WARN_ABOUT_RETURN_TYPE = YES_ERROR;
				GCC_WARN_UNDECLARED_SELECTOR = YES;
				GCC_WARN_UNINITIALIZED_AUTOS = YES_AGGRESSIVE;
				GCC_WARN_UNUSED_FUNCTION = YES;
				GCC_WARN_UNUSED_VARIABLE = YES;
				IPHONEOS_DEPLOYMENT_TARGET = 11.1;
				MTL_ENABLE_DEBUG_INFO = NO;
				SDKROOT = iphoneos;
				SWIFT_OPTIMIZATION_LEVEL = "-Owholemodule";
				VALIDATE_PRODUCT = YES;
			};
			name = Release;
		};
		A75F40181FC0B7C600495228 /* Debug */ = {
			isa = XCBuildConfiguration;
			baseConfigurationReference = A148C3682F780F8F696B8FB2 /* Pods-Project Version 0_1.debug.xcconfig */;
			buildSettings = {
				ASSETCATALOG_COMPILER_APPICON_NAME = AppIcon;
				CODE_SIGN_ENTITLEMENTS = "Project Version 0_1/Project Version 0_1.entitlements";
				"CODE_SIGN_IDENTITY[sdk=iphoneos*]" = "iPhone Developer";
				CODE_SIGN_STYLE = Automatic;
				DEVELOPMENT_TEAM = ZVL2SV8VV7;
				INFOPLIST_FILE = "Project Version 0_1/Info.plist";
				IPHONEOS_DEPLOYMENT_TARGET = 11.0;
				LD_RUNPATH_SEARCH_PATHS = "$(inherited) @executable_path/Frameworks";
				PRODUCT_BUNDLE_IDENTIFIER = "com.erkutbas.Project-Version-0-1";
				PRODUCT_NAME = "$(TARGET_NAME)";
				PROVISIONING_PROFILE_SPECIFIER = "";
				SWIFT_VERSION = 4.0;
				TARGETED_DEVICE_FAMILY = "1,2";
			};
			name = Debug;
		};
		A75F40191FC0B7C600495228 /* Release */ = {
			isa = XCBuildConfiguration;
			baseConfigurationReference = 757CC8AC01F59DF3A869DAD9 /* Pods-Project Version 0_1.release.xcconfig */;
			buildSettings = {
				ASSETCATALOG_COMPILER_APPICON_NAME = AppIcon;
				CODE_SIGN_ENTITLEMENTS = "Project Version 0_1/Project Version 0_1.entitlements";
				"CODE_SIGN_IDENTITY[sdk=iphoneos*]" = "iPhone Developer";
				CODE_SIGN_STYLE = Automatic;
				DEVELOPMENT_TEAM = ZVL2SV8VV7;
				INFOPLIST_FILE = "Project Version 0_1/Info.plist";
				IPHONEOS_DEPLOYMENT_TARGET = 11.0;
				LD_RUNPATH_SEARCH_PATHS = "$(inherited) @executable_path/Frameworks";
				PRODUCT_BUNDLE_IDENTIFIER = "com.erkutbas.Project-Version-0-1";
				PRODUCT_NAME = "$(TARGET_NAME)";
				PROVISIONING_PROFILE_SPECIFIER = "";
				SWIFT_VERSION = 4.0;
				TARGETED_DEVICE_FAMILY = "1,2";
			};
			name = Release;
		};
/* End XCBuildConfiguration section */

/* Begin XCConfigurationList section */
		A75F40001FC0B7C600495228 /* Build configuration list for PBXProject "Project Version 0_1" */ = {
			isa = XCConfigurationList;
			buildConfigurations = (
				A75F40151FC0B7C600495228 /* Debug */,
				A75F40161FC0B7C600495228 /* Release */,
			);
			defaultConfigurationIsVisible = 0;
			defaultConfigurationName = Release;
		};
		A75F40171FC0B7C600495228 /* Build configuration list for PBXNativeTarget "Project Version 0_1" */ = {
			isa = XCConfigurationList;
			buildConfigurations = (
				A75F40181FC0B7C600495228 /* Debug */,
				A75F40191FC0B7C600495228 /* Release */,
			);
			defaultConfigurationIsVisible = 0;
			defaultConfigurationName = Release;
		};
/* End XCConfigurationList section */
	};
	rootObject = A75F3FFD1FC0B7C600495228 /* Project object */;
}
