// !$*UTF8*$!
{
	archiveVersion = 1;
	classes = {
	};
	objectVersion = 48;
	objects = {

/* Begin PBXBuildFile section */
		0476E4F9FFF99A10D02F1BB7 /* Pods_Project_Version_0_1.framework in Frameworks */ = {isa = PBXBuildFile; fileRef = BF2EAC58EB2B78FDCBF4F5D0 /* Pods_Project_Version_0_1.framework */; };
		A72705C11FC885B8006C2504 /* MainPageViewController.swift in Sources */ = {isa = PBXBuildFile; fileRef = A72705C01FC885B8006C2504 /* MainPageViewController.swift */; };
		A72705C31FC8973F006C2504 /* NavigationBarController.swift in Sources */ = {isa = PBXBuildFile; fileRef = A72705C21FC8973F006C2504 /* NavigationBarController.swift */; };
		A72705C51FC8A2A6006C2504 /* User.swift in Sources */ = {isa = PBXBuildFile; fileRef = A72705C41FC8A2A6006C2504 /* User.swift */; };
		A72705C71FC8A7E2006C2504 /* TempoaryAddImageViewController.swift in Sources */ = {isa = PBXBuildFile; fileRef = A72705C61FC8A7E2006C2504 /* TempoaryAddImageViewController.swift */; };
		A72705C91FC8AA20006C2504 /* camera-icon.png in Resources */ = {isa = PBXBuildFile; fileRef = A72705C81FC8AA20006C2504 /* camera-icon.png */; };
		A72705CB1FC8AD33006C2504 /* 556c83b791f3f8325a657fed2c7bee59--iphone--wallpaper-phone-wallpapers.jpg in Resources */ = {isa = PBXBuildFile; fileRef = A72705CA1FC8AD32006C2504 /* 556c83b791f3f8325a657fed2c7bee59--iphone--wallpaper-phone-wallpapers.jpg */; };
		A72705CE1FC91E9D006C2504 /* PickUserProfilePictureFunctions.swift in Sources */ = {isa = PBXBuildFile; fileRef = A72705CD1FC91E9D006C2504 /* PickUserProfilePictureFunctions.swift */; };
		A72AFBCF1FCCBCF30018254E /* PrepareUserProfileData.swift in Sources */ = {isa = PBXBuildFile; fileRef = A72AFBCE1FCCBCF30018254E /* PrepareUserProfileData.swift */; };
		A72AFBD61FCDCE110018254E /* CreateDatabaseFunctions.swift in Sources */ = {isa = PBXBuildFile; fileRef = A72AFBD51FCDCE110018254E /* CreateDatabaseFunctions.swift */; };
		A72AFBD81FCDD2640018254E /* StorageConstantNames.swift in Sources */ = {isa = PBXBuildFile; fileRef = A72AFBD71FCDD2640018254E /* StorageConstantNames.swift */; };
		A72AFBDC1FCDE4150018254E /* SendEmailVerificationAgainFunctions.swift in Sources */ = {isa = PBXBuildFile; fileRef = A72AFBDB1FCDE4150018254E /* SendEmailVerificationAgainFunctions.swift */; };
		A72AFBDE1FCDE8800018254E /* FirebaseDomainConstants.swift in Sources */ = {isa = PBXBuildFile; fileRef = A72AFBDD1FCDE8800018254E /* FirebaseDomainConstants.swift */; };
		A72AFBE01FCDE8D70018254E /* ProjectSettingsConstants.swift in Sources */ = {isa = PBXBuildFile; fileRef = A72AFBDF1FCDE8D70018254E /* ProjectSettingsConstants.swift */; };
		A72AFBE31FCDE9BF0018254E /* DirectViewToOtherPagesFunctions.swift in Sources */ = {isa = PBXBuildFile; fileRef = A72AFBE21FCDE9BF0018254E /* DirectViewToOtherPagesFunctions.swift */; };
		A72AFBE61FCDEDA70018254E /* SendVerificationExtensions.swift in Sources */ = {isa = PBXBuildFile; fileRef = A72AFBE51FCDEDA70018254E /* SendVerificationExtensions.swift */; };
		A72AFBE91FCDF77C0018254E /* InformationMessages.swift in Sources */ = {isa = PBXBuildFile; fileRef = A72AFBE81FCDF77C0018254E /* InformationMessages.swift */; };
		A72AFBEE1FCE796D0018254E /* UIImageViewExtensions.swift in Sources */ = {isa = PBXBuildFile; fileRef = A72AFBED1FCE796D0018254E /* UIImageViewExtensions.swift */; };
		A73828301FC35DCB003C1827 /* Validation.swift in Sources */ = {isa = PBXBuildFile; fileRef = A738282F1FC35DCB003C1827 /* Validation.swift */; };
		A73828321FC36379003C1827 /* ConstantCharacters.swift in Sources */ = {isa = PBXBuildFile; fileRef = A73828311FC36379003C1827 /* ConstantCharacters.swift */; };
		A73828381FC3E196003C1827 /* VerificationViewController.swift in Sources */ = {isa = PBXBuildFile; fileRef = A73828371FC3E196003C1827 /* VerificationViewController.swift */; };
		A7407F011FC4A83800DAAF44 /* AddImageVerificationViewController.swift in Sources */ = {isa = PBXBuildFile; fileRef = A7407F001FC4A83800DAAF44 /* AddImageVerificationViewController.swift */; };
		A7407F041FC4B7C600DAAF44 /* GoogleService-Info.plist in Resources */ = {isa = PBXBuildFile; fileRef = A7407F031FC4B7C600DAAF44 /* GoogleService-Info.plist */; };
		A7407F071FC705D000DAAF44 /* ConstanctUserKeyValues.swift in Sources */ = {isa = PBXBuildFile; fileRef = A7407F061FC705D000DAAF44 /* ConstanctUserKeyValues.swift */; };
		A7407F091FC7951100DAAF44 /* ForgotPasswordViewController.swift in Sources */ = {isa = PBXBuildFile; fileRef = A7407F081FC7951100DAAF44 /* ForgotPasswordViewController.swift */; };
		A7407F0B1FC799FA00DAAF44 /* UIButtonExtensions.swift in Sources */ = {isa = PBXBuildFile; fileRef = A7407F0A1FC799FA00DAAF44 /* UIButtonExtensions.swift */; };
		A7407F0D1FC79B1D00DAAF44 /* UITextFieldExtensions.swift in Sources */ = {isa = PBXBuildFile; fileRef = A7407F0C1FC79B1D00DAAF44 /* UITextFieldExtensions.swift */; };
		A75F40091FC0B7C600495228 /* AppDelegate.swift in Sources */ = {isa = PBXBuildFile; fileRef = A75F40081FC0B7C600495228 /* AppDelegate.swift */; };
		A75F400B1FC0B7C600495228 /* ViewController.swift in Sources */ = {isa = PBXBuildFile; fileRef = A75F400A1FC0B7C600495228 /* ViewController.swift */; };
		A75F400E1FC0B7C600495228 /* Main.storyboard in Resources */ = {isa = PBXBuildFile; fileRef = A75F400C1FC0B7C600495228 /* Main.storyboard */; };
		A75F40101FC0B7C600495228 /* Assets.xcassets in Resources */ = {isa = PBXBuildFile; fileRef = A75F400F1FC0B7C600495228 /* Assets.xcassets */; };
		A75F40131FC0B7C600495228 /* LaunchScreen.storyboard in Resources */ = {isa = PBXBuildFile; fileRef = A75F40111FC0B7C600495228 /* LaunchScreen.storyboard */; };
		A75F40221FC0D99D00495228 /* LoginViewController.swift in Sources */ = {isa = PBXBuildFile; fileRef = A75F40211FC0D99D00495228 /* LoginViewController.swift */; };
		A75F40241FC0D9A600495228 /* RegisterViewController.swift in Sources */ = {isa = PBXBuildFile; fileRef = A75F40231FC0D9A600495228 /* RegisterViewController.swift */; };
		A75F40261FC0DBCC00495228 /* EntranceViewController.swift in Sources */ = {isa = PBXBuildFile; fileRef = A75F40251FC0DBCC00495228 /* EntranceViewController.swift */; };
		A75F402F1FC1D3E300495228 /* UIViewDesign.swift in Sources */ = {isa = PBXBuildFile; fileRef = A75F402E1FC1D3E300495228 /* UIViewDesign.swift */; };
		A75F40351FC238B600495228 /* StartPageViewController.swift in Sources */ = {isa = PBXBuildFile; fileRef = A75F40341FC238B600495228 /* StartPageViewController.swift */; };
		A778D9E31FC9AE6200F38438 /* DatabaseUser.swift in Sources */ = {isa = PBXBuildFile; fileRef = A778D9E21FC9AE6200F38438 /* DatabaseUser.swift */; };
		A778D9E61FC9BC4900F38438 /* UserAttributeNames.swift in Sources */ = {isa = PBXBuildFile; fileRef = A778D9E51FC9BC4900F38438 /* UserAttributeNames.swift */; };
		A778D9F01FC9D57300F38438 /* image2.jpg in Resources */ = {isa = PBXBuildFile; fileRef = A778D9E81FC9D57100F38438 /* image2.jpg */; };
		A778D9F11FC9D57300F38438 /* image1.jpg in Resources */ = {isa = PBXBuildFile; fileRef = A778D9E91FC9D57100F38438 /* image1.jpg */; };
		A778D9F21FC9D57300F38438 /* female_default.png in Resources */ = {isa = PBXBuildFile; fileRef = A778D9EA1FC9D57200F38438 /* female_default.png */; };
		A778D9F31FC9D57300F38438 /* image3.jpg in Resources */ = {isa = PBXBuildFile; fileRef = A778D9EB1FC9D57200F38438 /* image3.jpg */; };
		A778D9F41FC9D57300F38438 /* male_selected.png in Resources */ = {isa = PBXBuildFile; fileRef = A778D9EC1FC9D57300F38438 /* male_selected.png */; };
		A778D9F51FC9D57300F38438 /* female_selected.png in Resources */ = {isa = PBXBuildFile; fileRef = A778D9ED1FC9D57300F38438 /* female_selected.png */; };
		A778D9F61FC9D57300F38438 /* image4.jpg in Resources */ = {isa = PBXBuildFile; fileRef = A778D9EE1FC9D57300F38438 /* image4.jpg */; };
		A778D9F71FC9D57300F38438 /* male_default.png in Resources */ = {isa = PBXBuildFile; fileRef = A778D9EF1FC9D57300F38438 /* male_default.png */; };
		A778D9FA1FC9D5DF00F38438 /* PageItemController.swift in Sources */ = {isa = PBXBuildFile; fileRef = A778D9F81FC9D5DF00F38438 /* PageItemController.swift */; };
		A778D9FB1FC9D5DF00F38438 /* PageViewController.swift in Sources */ = {isa = PBXBuildFile; fileRef = A778D9F91FC9D5DF00F38438 /* PageViewController.swift */; };
		A7AFE0371FC3376500656A02 /* File.swift in Sources */ = {isa = PBXBuildFile; fileRef = A7AFE0361FC3376500656A02 /* File.swift */; };
/* End PBXBuildFile section */

/* Begin PBXFileReference section */
		757CC8AC01F59DF3A869DAD9 /* Pods-Project Version 0_1.release.xcconfig */ = {isa = PBXFileReference; includeInIndex = 1; lastKnownFileType = text.xcconfig; name = "Pods-Project Version 0_1.release.xcconfig"; path = "Pods/Target Support Files/Pods-Project Version 0_1/Pods-Project Version 0_1.release.xcconfig"; sourceTree = "<group>"; };
		A148C3682F780F8F696B8FB2 /* Pods-Project Version 0_1.debug.xcconfig */ = {isa = PBXFileReference; includeInIndex = 1; lastKnownFileType = text.xcconfig; name = "Pods-Project Version 0_1.debug.xcconfig"; path = "Pods/Target Support Files/Pods-Project Version 0_1/Pods-Project Version 0_1.debug.xcconfig"; sourceTree = "<group>"; };
		A72705C01FC885B8006C2504 /* MainPageViewController.swift */ = {isa = PBXFileReference; lastKnownFileType = sourcecode.swift; path = MainPageViewController.swift; sourceTree = "<group>"; };
		A72705C21FC8973F006C2504 /* NavigationBarController.swift */ = {isa = PBXFileReference; lastKnownFileType = sourcecode.swift; path = NavigationBarController.swift; sourceTree = "<group>"; };
		A72705C41FC8A2A6006C2504 /* User.swift */ = {isa = PBXFileReference; lastKnownFileType = sourcecode.swift; path = User.swift; sourceTree = "<group>"; };
		A72705C61FC8A7E2006C2504 /* TempoaryAddImageViewController.swift */ = {isa = PBXFileReference; lastKnownFileType = sourcecode.swift; path = TempoaryAddImageViewController.swift; sourceTree = "<group>"; };
		A72705C81FC8AA20006C2504 /* camera-icon.png */ = {isa = PBXFileReference; lastKnownFileType = image.png; path = "camera-icon.png"; sourceTree = "<group>"; };
		A72705CA1FC8AD32006C2504 /* 556c83b791f3f8325a657fed2c7bee59--iphone--wallpaper-phone-wallpapers.jpg */ = {isa = PBXFileReference; lastKnownFileType = image.jpeg; path = "556c83b791f3f8325a657fed2c7bee59--iphone--wallpaper-phone-wallpapers.jpg"; sourceTree = "<group>"; };
		A72705CD1FC91E9D006C2504 /* PickUserProfilePictureFunctions.swift */ = {isa = PBXFileReference; lastKnownFileType = sourcecode.swift; path = PickUserProfilePictureFunctions.swift; sourceTree = "<group>"; };
		A72AFBCE1FCCBCF30018254E /* PrepareUserProfileData.swift */ = {isa = PBXFileReference; lastKnownFileType = sourcecode.swift; path = PrepareUserProfileData.swift; sourceTree = "<group>"; };
		A72AFBD51FCDCE110018254E /* CreateDatabaseFunctions.swift */ = {isa = PBXFileReference; lastKnownFileType = sourcecode.swift; path = CreateDatabaseFunctions.swift; sourceTree = "<group>"; };
		A72AFBD71FCDD2640018254E /* StorageConstantNames.swift */ = {isa = PBXFileReference; lastKnownFileType = sourcecode.swift; path = StorageConstantNames.swift; sourceTree = "<group>"; };
		A72AFBDB1FCDE4150018254E /* SendEmailVerificationAgainFunctions.swift */ = {isa = PBXFileReference; lastKnownFileType = sourcecode.swift; path = SendEmailVerificationAgainFunctions.swift; sourceTree = "<group>"; };
		A72AFBDD1FCDE8800018254E /* FirebaseDomainConstants.swift */ = {isa = PBXFileReference; lastKnownFileType = sourcecode.swift; path = FirebaseDomainConstants.swift; sourceTree = "<group>"; };
		A72AFBDF1FCDE8D70018254E /* ProjectSettingsConstants.swift */ = {isa = PBXFileReference; lastKnownFileType = sourcecode.swift; path = ProjectSettingsConstants.swift; sourceTree = "<group>"; };
		A72AFBE21FCDE9BF0018254E /* DirectViewToOtherPagesFunctions.swift */ = {isa = PBXFileReference; lastKnownFileType = sourcecode.swift; path = DirectViewToOtherPagesFunctions.swift; sourceTree = "<group>"; };
		A72AFBE51FCDEDA70018254E /* SendVerificationExtensions.swift */ = {isa = PBXFileReference; lastKnownFileType = sourcecode.swift; path = SendVerificationExtensions.swift; sourceTree = "<group>"; };
		A72AFBE81FCDF77C0018254E /* InformationMessages.swift */ = {isa = PBXFileReference; lastKnownFileType = sourcecode.swift; path = InformationMessages.swift; sourceTree = "<group>"; };
		A72AFBED1FCE796D0018254E /* UIImageViewExtensions.swift */ = {isa = PBXFileReference; lastKnownFileType = sourcecode.swift; path = UIImageViewExtensions.swift; sourceTree = "<group>"; };
		A738282F1FC35DCB003C1827 /* Validation.swift */ = {isa = PBXFileReference; lastKnownFileType = sourcecode.swift; path = Validation.swift; sourceTree = "<group>"; };
		A73828311FC36379003C1827 /* ConstantCharacters.swift */ = {isa = PBXFileReference; lastKnownFileType = sourcecode.swift; path = ConstantCharacters.swift; sourceTree = "<group>"; };
		A73828371FC3E196003C1827 /* VerificationViewController.swift */ = {isa = PBXFileReference; lastKnownFileType = sourcecode.swift; path = VerificationViewController.swift; sourceTree = "<group>"; };
		A7407F001FC4A83800DAAF44 /* AddImageVerificationViewController.swift */ = {isa = PBXFileReference; lastKnownFileType = sourcecode.swift; path = AddImageVerificationViewController.swift; sourceTree = "<group>"; };
		A7407F031FC4B7C600DAAF44 /* GoogleService-Info.plist */ = {isa = PBXFileReference; fileEncoding = 4; lastKnownFileType = text.plist.xml; path = "GoogleService-Info.plist"; sourceTree = "<group>"; };
		A7407F051FC4B8D100DAAF44 /* Project Version 0_1.entitlements */ = {isa = PBXFileReference; lastKnownFileType = text.plist.entitlements; path = "Project Version 0_1.entitlements"; sourceTree = "<group>"; };
		A7407F061FC705D000DAAF44 /* ConstanctUserKeyValues.swift */ = {isa = PBXFileReference; lastKnownFileType = sourcecode.swift; path = ConstanctUserKeyValues.swift; sourceTree = "<group>"; };
		A7407F081FC7951100DAAF44 /* ForgotPasswordViewController.swift */ = {isa = PBXFileReference; lastKnownFileType = sourcecode.swift; path = ForgotPasswordViewController.swift; sourceTree = "<group>"; };
		A7407F0A1FC799FA00DAAF44 /* UIButtonExtensions.swift */ = {isa = PBXFileReference; lastKnownFileType = sourcecode.swift; path = UIButtonExtensions.swift; sourceTree = "<group>"; };
		A7407F0C1FC79B1D00DAAF44 /* UITextFieldExtensions.swift */ = {isa = PBXFileReference; lastKnownFileType = sourcecode.swift; path = UITextFieldExtensions.swift; sourceTree = "<group>"; };
		A75F40051FC0B7C600495228 /* Project Version 0_1.app */ = {isa = PBXFileReference; explicitFileType = wrapper.application; includeInIndex = 0; path = "Project Version 0_1.app"; sourceTree = BUILT_PRODUCTS_DIR; };
		A75F40081FC0B7C600495228 /* AppDelegate.swift */ = {isa = PBXFileReference; lastKnownFileType = sourcecode.swift; path = AppDelegate.swift; sourceTree = "<group>"; };
		A75F400A1FC0B7C600495228 /* ViewController.swift */ = {isa = PBXFileReference; lastKnownFileType = sourcecode.swift; path = ViewController.swift; sourceTree = "<group>"; };
		A75F400D1FC0B7C600495228 /* Base */ = {isa = PBXFileReference; lastKnownFileType = file.storyboard; name = Base; path = Base.lproj/Main.storyboard; sourceTree = "<group>"; };
		A75F400F1FC0B7C600495228 /* Assets.xcassets */ = {isa = PBXFileReference; lastKnownFileType = folder.assetcatalog; path = Assets.xcassets; sourceTree = "<group>"; };
		A75F40121FC0B7C600495228 /* Base */ = {isa = PBXFileReference; lastKnownFileType = file.storyboard; name = Base; path = Base.lproj/LaunchScreen.storyboard; sourceTree = "<group>"; };
		A75F40141FC0B7C600495228 /* Info.plist */ = {isa = PBXFileReference; lastKnownFileType = text.plist.xml; path = Info.plist; sourceTree = "<group>"; };
		A75F40211FC0D99D00495228 /* LoginViewController.swift */ = {isa = PBXFileReference; lastKnownFileType = sourcecode.swift; path = LoginViewController.swift; sourceTree = "<group>"; };
		A75F40231FC0D9A600495228 /* RegisterViewController.swift */ = {isa = PBXFileReference; lastKnownFileType = sourcecode.swift; path = RegisterViewController.swift; sourceTree = "<group>"; };
		A75F40251FC0DBCC00495228 /* EntranceViewController.swift */ = {isa = PBXFileReference; lastKnownFileType = sourcecode.swift; path = EntranceViewController.swift; sourceTree = "<group>"; };
		A75F402E1FC1D3E300495228 /* UIViewDesign.swift */ = {isa = PBXFileReference; lastKnownFileType = sourcecode.swift; path = UIViewDesign.swift; sourceTree = "<group>"; };
		A75F40341FC238B600495228 /* StartPageViewController.swift */ = {isa = PBXFileReference; lastKnownFileType = sourcecode.swift; path = StartPageViewController.swift; sourceTree = "<group>"; };
		A778D9E21FC9AE6200F38438 /* DatabaseUser.swift */ = {isa = PBXFileReference; lastKnownFileType = sourcecode.swift; path = DatabaseUser.swift; sourceTree = "<group>"; };
		A778D9E51FC9BC4900F38438 /* UserAttributeNames.swift */ = {isa = PBXFileReference; lastKnownFileType = sourcecode.swift; path = UserAttributeNames.swift; sourceTree = "<group>"; };
		A778D9E81FC9D57100F38438 /* image2.jpg */ = {isa = PBXFileReference; lastKnownFileType = image.jpeg; path = image2.jpg; sourceTree = "<group>"; };
		A778D9E91FC9D57100F38438 /* image1.jpg */ = {isa = PBXFileReference; lastKnownFileType = image.jpeg; path = image1.jpg; sourceTree = "<group>"; };
		A778D9EA1FC9D57200F38438 /* female_default.png */ = {isa = PBXFileReference; lastKnownFileType = image.png; path = female_default.png; sourceTree = "<group>"; };
		A778D9EB1FC9D57200F38438 /* image3.jpg */ = {isa = PBXFileReference; lastKnownFileType = image.jpeg; path = image3.jpg; sourceTree = "<group>"; };
		A778D9EC1FC9D57300F38438 /* male_selected.png */ = {isa = PBXFileReference; lastKnownFileType = image.png; path = male_selected.png; sourceTree = "<group>"; };
		A778D9ED1FC9D57300F38438 /* female_selected.png */ = {isa = PBXFileReference; lastKnownFileType = image.png; path = female_selected.png; sourceTree = "<group>"; };
		A778D9EE1FC9D57300F38438 /* image4.jpg */ = {isa = PBXFileReference; lastKnownFileType = image.jpeg; path = image4.jpg; sourceTree = "<group>"; };
		A778D9EF1FC9D57300F38438 /* male_default.png */ = {isa = PBXFileReference; lastKnownFileType = image.png; path = male_default.png; sourceTree = "<group>"; };
		A778D9F81FC9D5DF00F38438 /* PageItemController.swift */ = {isa = PBXFileReference; fileEncoding = 4; lastKnownFileType = sourcecode.swift; path = PageItemController.swift; sourceTree = "<group>"; };
		A778D9F91FC9D5DF00F38438 /* PageViewController.swift */ = {isa = PBXFileReference; fileEncoding = 4; lastKnownFileType = sourcecode.swift; path = PageViewController.swift; sourceTree = "<group>"; };
		A7AFE0361FC3376500656A02 /* File.swift */ = {isa = PBXFileReference; lastKnownFileType = sourcecode.swift; path = File.swift; sourceTree = "<group>"; };
		BF2EAC58EB2B78FDCBF4F5D0 /* Pods_Project_Version_0_1.framework */ = {isa = PBXFileReference; explicitFileType = wrapper.framework; includeInIndex = 0; path = Pods_Project_Version_0_1.framework; sourceTree = BUILT_PRODUCTS_DIR; };
/* End PBXFileReference section */

/* Begin PBXFrameworksBuildPhase section */
		A75F40021FC0B7C600495228 /* Frameworks */ = {
			isa = PBXFrameworksBuildPhase;
			buildActionMask = 2147483647;
			files = (
				0476E4F9FFF99A10D02F1BB7 /* Pods_Project_Version_0_1.framework in Frameworks */,
			);
			runOnlyForDeploymentPostprocessing = 0;
		};
/* End PBXFrameworksBuildPhase section */

/* Begin PBXGroup section */
		A72705BF1FC885A6006C2504 /* MainPage */ = {
			isa = PBXGroup;
			children = (
				A72705C01FC885B8006C2504 /* MainPageViewController.swift */,
			);
			path = MainPage;
			sourceTree = "<group>";
		};
		A72705CC1FC91DF3006C2504 /* ControllerExtensions */ = {
			isa = PBXGroup;
			children = (
				A72AFBE41FCDED7D0018254E /* AddImageViewExtensions */,
				A72AFBD11FCCC1F80018254E /* VerificationViewControllerExtensions */,
				A72AFBD01FCCC1A40018254E /* TemporaryAddImageController */,
				A778D9FC1FCB271D00F38438 /* ExtensionLoginViewController */,
			);
			path = ControllerExtensions;
			sourceTree = "<group>";
		};
		A72AFBD01FCCC1A40018254E /* TemporaryAddImageController */ = {
			isa = PBXGroup;
			children = (
				A72705CD1FC91E9D006C2504 /* PickUserProfilePictureFunctions.swift */,
				A72AFBD51FCDCE110018254E /* CreateDatabaseFunctions.swift */,
				A72AFBE51FCDEDA70018254E /* SendVerificationExtensions.swift */,
			);
			path = TemporaryAddImageController;
			sourceTree = "<group>";
		};
		A72AFBD11FCCC1F80018254E /* VerificationViewControllerExtensions */ = {
			isa = PBXGroup;
			children = (
				A72AFBDB1FCDE4150018254E /* SendEmailVerificationAgainFunctions.swift */,
				A72AFBE21FCDE9BF0018254E /* DirectViewToOtherPagesFunctions.swift */,
			);
			path = VerificationViewControllerExtensions;
			sourceTree = "<group>";
		};
		A72AFBD41FCDCD960018254E /* StoryBoard */ = {
			isa = PBXGroup;
			children = (
				A75F40111FC0B7C600495228 /* LaunchScreen.storyboard */,
				A75F400C1FC0B7C600495228 /* Main.storyboard */,
			);
			path = StoryBoard;
			sourceTree = "<group>";
		};
		A72AFBE11FCDE8F60018254E /* IOS */ = {
			isa = PBXGroup;
			children = (
				A72AFBDF1FCDE8D70018254E /* ProjectSettingsConstants.swift */,
			);
			path = IOS;
			sourceTree = "<group>";
		};
		A72AFBE41FCDED7D0018254E /* AddImageViewExtensions */ = {
			isa = PBXGroup;
			children = (
			);
			path = AddImageViewExtensions;
			sourceTree = "<group>";
		};
		A72AFBE71FCDF7640018254E /* EmailMessages */ = {
			isa = PBXGroup;
			children = (
				A72AFBE81FCDF77C0018254E /* InformationMessages.swift */,
			);
			path = EmailMessages;
			sourceTree = "<group>";
		};
		A72AFBEC1FCE794C0018254E /* UIKitExtensions */ = {
			isa = PBXGroup;
			children = (
				A72705C21FC8973F006C2504 /* NavigationBarController.swift */,
				A7407F0A1FC799FA00DAAF44 /* UIButtonExtensions.swift */,
				A7407F0C1FC79B1D00DAAF44 /* UITextFieldExtensions.swift */,
				A72AFBED1FCE796D0018254E /* UIImageViewExtensions.swift */,
			);
			path = UIKitExtensions;
			sourceTree = "<group>";
		};
		A738282D1FC352F3003C1827 /* LoginView */ = {
			isa = PBXGroup;
			children = (
				A75F40211FC0D99D00495228 /* LoginViewController.swift */,
				A7407F081FC7951100DAAF44 /* ForgotPasswordViewController.swift */,
			);
			path = LoginView;
			sourceTree = "<group>";
		};
		A738282E1FC35DBB003C1827 /* Validations */ = {
			isa = PBXGroup;
			children = (
				A738282F1FC35DCB003C1827 /* Validation.swift */,
			);
			path = Validations;
			sourceTree = "<group>";
		};
		A73828351FC3BE86003C1827 /* Firebase */ = {
			isa = PBXGroup;
			children = (
				A7407F031FC4B7C600DAAF44 /* GoogleService-Info.plist */,
			);
			path = Firebase;
			sourceTree = "<group>";
		};
		A73828361FC3E121003C1827 /* RegistrationViews */ = {
			isa = PBXGroup;
			children = (
				A75F40231FC0D9A600495228 /* RegisterViewController.swift */,
				A73828371FC3E196003C1827 /* VerificationViewController.swift */,
				A7407F001FC4A83800DAAF44 /* AddImageVerificationViewController.swift */,
				A72705C61FC8A7E2006C2504 /* TempoaryAddImageViewController.swift */,
			);
			path = RegistrationViews;
			sourceTree = "<group>";
		};
		A7407EFD1FC3EC4B00DAAF44 /* WelcomeView */ = {
			isa = PBXGroup;
			children = (
				A75F400A1FC0B7C600495228 /* ViewController.swift */,
			);
			path = WelcomeView;
			sourceTree = "<group>";
		};
		A7407EFE1FC3EC7F00DAAF44 /* EntranceView */ = {
			isa = PBXGroup;
			children = (
				A75F40251FC0DBCC00495228 /* EntranceViewController.swift */,
				A778D9F81FC9D5DF00F38438 /* PageItemController.swift */,
				A778D9F91FC9D5DF00F38438 /* PageViewController.swift */,
			);
			path = EntranceView;
			sourceTree = "<group>";
		};
		A7407EFF1FC3ECB400DAAF44 /* NavigationControllerView */ = {
			isa = PBXGroup;
			children = (
				A75F40341FC238B600495228 /* StartPageViewController.swift */,
			);
			path = NavigationControllerView;
			sourceTree = "<group>";
		};
		A75F3FFC1FC0B7C600495228 = {
			isa = PBXGroup;
			children = (
				A75F40071FC0B7C600495228 /* Project Version 0_1 */,
				A75F40061FC0B7C600495228 /* Products */,
				B936969B24BCE5B06DBD9517 /* Pods */,
				C502180E30BA6FDA6C25691D /* Frameworks */,
			);
			sourceTree = "<group>";
		};
		A75F40061FC0B7C600495228 /* Products */ = {
			isa = PBXGroup;
			children = (
				A75F40051FC0B7C600495228 /* Project Version 0_1.app */,
			);
			name = Products;
			sourceTree = "<group>";
		};
		A75F40071FC0B7C600495228 /* Project Version 0_1 */ = {
			isa = PBXGroup;
			children = (
				A778D9E71FC9CA5300F38438 /* Images */,
				A73828351FC3BE86003C1827 /* Firebase */,
				A738282E1FC35DBB003C1827 /* Validations */,
				A75F402D1FC1D3A000495228 /* DesignServices */,
				A75F40201FC0D60500495228 /* Extensions */,
				A75F401F1FC0D5FA00495228 /* Services */,
				A75F401E1FC0D5F300495228 /* Utils */,
				A75F401D1FC0D5EA00495228 /* Model */,
				A75F401B1FC0D5B400495228 /* View */,
				A75F401C1FC0D5DF00495228 /* Controller */,
				A72AFBD41FCDCD960018254E /* StoryBoard */,
				A75F400F1FC0B7C600495228 /* Assets.xcassets */,
				A75F40081FC0B7C600495228 /* AppDelegate.swift */,
				A75F40141FC0B7C600495228 /* Info.plist */,
				A7407F051FC4B8D100DAAF44 /* Project Version 0_1.entitlements */,
			);
			path = "Project Version 0_1";
			sourceTree = "<group>";
		};
		A75F401B1FC0D5B400495228 /* View */ = {
			isa = PBXGroup;
			children = (
				A7AFE0361FC3376500656A02 /* File.swift */,
			);
			path = View;
			sourceTree = "<group>";
		};
		A75F401C1FC0D5DF00495228 /* Controller */ = {
			isa = PBXGroup;
			children = (
				A72705BF1FC885A6006C2504 /* MainPage */,
				A7407EFF1FC3ECB400DAAF44 /* NavigationControllerView */,
				A7407EFE1FC3EC7F00DAAF44 /* EntranceView */,
				A7407EFD1FC3EC4B00DAAF44 /* WelcomeView */,
				A73828361FC3E121003C1827 /* RegistrationViews */,
				A738282D1FC352F3003C1827 /* LoginView */,
			);
			path = Controller;
			sourceTree = "<group>";
		};
		A75F401D1FC0D5EA00495228 /* Model */ = {
			isa = PBXGroup;
			children = (
				A72705C41FC8A2A6006C2504 /* User.swift */,
			);
			path = Model;
			sourceTree = "<group>";
		};
		A75F401E1FC0D5F300495228 /* Utils */ = {
			isa = PBXGroup;
			children = (
				A72AFBE71FCDF7640018254E /* EmailMessages */,
				A72AFBE11FCDE8F60018254E /* IOS */,
				A778D9E41FC9BC2700F38438 /* FirebaseModelConstants */,
				A73828311FC36379003C1827 /* ConstantCharacters.swift */,
				A7407F061FC705D000DAAF44 /* ConstanctUserKeyValues.swift */,
			);
			path = Utils;
			sourceTree = "<group>";
		};
		A75F401F1FC0D5FA00495228 /* Services */ = {
			isa = PBXGroup;
			children = (
				A778D9E11FC9AE4600F38438 /* DatabaseServices */,
			);
			path = Services;
			sourceTree = "<group>";
		};
		A75F40201FC0D60500495228 /* Extensions */ = {
			isa = PBXGroup;
			children = (
				A72AFBEC1FCE794C0018254E /* UIKitExtensions */,
				A72705CC1FC91DF3006C2504 /* ControllerExtensions */,
			);
			path = Extensions;
			sourceTree = "<group>";
		};
		A75F402D1FC1D3A000495228 /* DesignServices */ = {
			isa = PBXGroup;
			children = (
				A75F402E1FC1D3E300495228 /* UIViewDesign.swift */,
			);
			path = DesignServices;
			sourceTree = "<group>";
		};
		A778D9E11FC9AE4600F38438 /* DatabaseServices */ = {
			isa = PBXGroup;
			children = (
				A778D9E21FC9AE6200F38438 /* DatabaseUser.swift */,
			);
			path = DatabaseServices;
			sourceTree = "<group>";
		};
		A778D9E41FC9BC2700F38438 /* FirebaseModelConstants */ = {
			isa = PBXGroup;
			children = (
				A72AFBDD1FCDE8800018254E /* FirebaseDomainConstants.swift */,
				A778D9E51FC9BC4900F38438 /* UserAttributeNames.swift */,
				A72AFBD71FCDD2640018254E /* StorageConstantNames.swift */,
			);
			path = FirebaseModelConstants;
			sourceTree = "<group>";
		};
		A778D9E71FC9CA5300F38438 /* Images */ = {
			isa = PBXGroup;
			children = (
				A778D9EA1FC9D57200F38438 /* female_default.png */,
				A778D9ED1FC9D57300F38438 /* female_selected.png */,
				A778D9E91FC9D57100F38438 /* image1.jpg */,
				A778D9E81FC9D57100F38438 /* image2.jpg */,
				A778D9EB1FC9D57200F38438 /* image3.jpg */,
				A778D9EE1FC9D57300F38438 /* image4.jpg */,
				A778D9EF1FC9D57300F38438 /* male_default.png */,
				A778D9EC1FC9D57300F38438 /* male_selected.png */,
				A72705C81FC8AA20006C2504 /* camera-icon.png */,
				A72705CA1FC8AD32006C2504 /* 556c83b791f3f8325a657fed2c7bee59--iphone--wallpaper-phone-wallpapers.jpg */,
			);
			path = Images;
			sourceTree = "<group>";
		};
		A778D9FC1FCB271D00F38438 /* ExtensionLoginViewController */ = {
			isa = PBXGroup;
			children = (
				A72AFBCE1FCCBCF30018254E /* PrepareUserProfileData.swift */,
			);
			path = ExtensionLoginViewController;
			sourceTree = "<group>";
		};
		B936969B24BCE5B06DBD9517 /* Pods */ = {
			isa = PBXGroup;
			children = (
				A148C3682F780F8F696B8FB2 /* Pods-Project Version 0_1.debug.xcconfig */,
				757CC8AC01F59DF3A869DAD9 /* Pods-Project Version 0_1.release.xcconfig */,
			);
			name = Pods;
			sourceTree = "<group>";
		};
		C502180E30BA6FDA6C25691D /* Frameworks */ = {
			isa = PBXGroup;
			children = (
				BF2EAC58EB2B78FDCBF4F5D0 /* Pods_Project_Version_0_1.framework */,
			);
			name = Frameworks;
			sourceTree = "<group>";
		};
/* End PBXGroup section */

/* Begin PBXNativeTarget section */
		A75F40041FC0B7C600495228 /* Project Version 0_1 */ = {
			isa = PBXNativeTarget;
			buildConfigurationList = A75F40171FC0B7C600495228 /* Build configuration list for PBXNativeTarget "Project Version 0_1" */;
			buildPhases = (
				424A16495C061549AD5F2A12 /* [CP] Check Pods Manifest.lock */,
				A75F40011FC0B7C600495228 /* Sources */,
				A75F40021FC0B7C600495228 /* Frameworks */,
				A75F40031FC0B7C600495228 /* Resources */,
				92284B36024D6D7BFCEAB57E /* [CP] Embed Pods Frameworks */,
				7950176CA3AE9510E4F082E7 /* [CP] Copy Pods Resources */,
			);
			buildRules = (
			);
			dependencies = (
			);
			name = "Project Version 0_1";
			productName = "Project Version 0_1";
			productReference = A75F40051FC0B7C600495228 /* Project Version 0_1.app */;
			productType = "com.apple.product-type.application";
		};
/* End PBXNativeTarget section */

/* Begin PBXProject section */
		A75F3FFD1FC0B7C600495228 /* Project object */ = {
			isa = PBXProject;
			attributes = {
				LastSwiftUpdateCheck = 0910;
				LastUpgradeCheck = 0910;
				ORGANIZATIONNAME = "Erkut Baş";
				TargetAttributes = {
					A75F40041FC0B7C600495228 = {
						CreatedOnToolsVersion = 9.1;
						ProvisioningStyle = Automatic;
						SystemCapabilities = {
							com.apple.SafariKeychain = {
								enabled = 1;
							};
						};
					};
				};
			};
			buildConfigurationList = A75F40001FC0B7C600495228 /* Build configuration list for PBXProject "Project Version 0_1" */;
			compatibilityVersion = "Xcode 8.0";
			developmentRegion = en;
			hasScannedForEncodings = 0;
			knownRegions = (
				en,
				Base,
			);
			mainGroup = A75F3FFC1FC0B7C600495228;
			productRefGroup = A75F40061FC0B7C600495228 /* Products */;
			projectDirPath = "";
			projectRoot = "";
			targets = (
				A75F40041FC0B7C600495228 /* Project Version 0_1 */,
			);
		};
/* End PBXProject section */

/* Begin PBXResourcesBuildPhase section */
		A75F40031FC0B7C600495228 /* Resources */ = {
			isa = PBXResourcesBuildPhase;
			buildActionMask = 2147483647;
			files = (
				A75F40131FC0B7C600495228 /* LaunchScreen.storyboard in Resources */,
				A778D9F31FC9D57300F38438 /* image3.jpg in Resources */,
				A72705CB1FC8AD33006C2504 /* 556c83b791f3f8325a657fed2c7bee59--iphone--wallpaper-phone-wallpapers.jpg in Resources */,
				A75F40101FC0B7C600495228 /* Assets.xcassets in Resources */,
				A72705C91FC8AA20006C2504 /* camera-icon.png in Resources */,
				A778D9F41FC9D57300F38438 /* male_selected.png in Resources */,
				A778D9F21FC9D57300F38438 /* female_default.png in Resources */,
				A778D9F61FC9D57300F38438 /* image4.jpg in Resources */,
				A778D9F71FC9D57300F38438 /* male_default.png in Resources */,
				A7407F041FC4B7C600DAAF44 /* GoogleService-Info.plist in Resources */,
				A778D9F51FC9D57300F38438 /* female_selected.png in Resources */,
				A778D9F11FC9D57300F38438 /* image1.jpg in Resources */,
				A75F400E1FC0B7C600495228 /* Main.storyboard in Resources */,
				A778D9F01FC9D57300F38438 /* image2.jpg in Resources */,
			);
			runOnlyForDeploymentPostprocessing = 0;
		};
/* End PBXResourcesBuildPhase section */

/* Begin PBXShellScriptBuildPhase section */
		424A16495C061549AD5F2A12 /* [CP] Check Pods Manifest.lock */ = {
			isa = PBXShellScriptBuildPhase;
			buildActionMask = 2147483647;
			files = (
			);
			inputPaths = (
				"${PODS_PODFILE_DIR_PATH}/Podfile.lock",
				"${PODS_ROOT}/Manifest.lock",
			);
			name = "[CP] Check Pods Manifest.lock";
			outputPaths = (
				"$(DERIVED_FILE_DIR)/Pods-Project Version 0_1-checkManifestLockResult.txt",
			);
			runOnlyForDeploymentPostprocessing = 0;
			shellPath = /bin/sh;
			shellScript = "diff \"${PODS_PODFILE_DIR_PATH}/Podfile.lock\" \"${PODS_ROOT}/Manifest.lock\" > /dev/null\nif [ $? != 0 ] ; then\n    # print error to STDERR\n    echo \"error: The sandbox is not in sync with the Podfile.lock. Run 'pod install' or update your CocoaPods installation.\" >&2\n    exit 1\nfi\n# This output is used by Xcode 'outputs' to avoid re-running this script phase.\necho \"SUCCESS\" > \"${SCRIPT_OUTPUT_FILE_0}\"\n";
			showEnvVarsInLog = 0;
		};
		7950176CA3AE9510E4F082E7 /* [CP] Copy Pods Resources */ = {
			isa = PBXShellScriptBuildPhase;
			buildActionMask = 2147483647;
			files = (
			);
			inputPaths = (
			);
			name = "[CP] Copy Pods Resources";
			outputPaths = (
			);
			runOnlyForDeploymentPostprocessing = 0;
			shellPath = /bin/sh;
			shellScript = "\"${SRCROOT}/Pods/Target Support Files/Pods-Project Version 0_1/Pods-Project Version 0_1-resources.sh\"\n";
			showEnvVarsInLog = 0;
		};
		92284B36024D6D7BFCEAB57E /* [CP] Embed Pods Frameworks */ = {
			isa = PBXShellScriptBuildPhase;
			buildActionMask = 2147483647;
			files = (
			);
			inputPaths = (
				"${SRCROOT}/Pods/Target Support Files/Pods-Project Version 0_1/Pods-Project Version 0_1-frameworks.sh",
				"${BUILT_PRODUCTS_DIR}/GTMSessionFetcher/GTMSessionFetcher.framework",
				"${BUILT_PRODUCTS_DIR}/GoogleToolboxForMac/GoogleToolboxForMac.framework",
				"${BUILT_PRODUCTS_DIR}/IQKeyboardManagerSwift/IQKeyboardManagerSwift.framework",
				"${BUILT_PRODUCTS_DIR}/SwiftKeychainWrapper/SwiftKeychainWrapper.framework",
				"${BUILT_PRODUCTS_DIR}/TextFieldEffects/TextFieldEffects.framework",
				"${BUILT_PRODUCTS_DIR}/leveldb-library/leveldb.framework",
				"${BUILT_PRODUCTS_DIR}/nanopb/nanopb.framework",
			);
			name = "[CP] Embed Pods Frameworks";
			outputPaths = (
				"${TARGET_BUILD_DIR}/${FRAMEWORKS_FOLDER_PATH}/GTMSessionFetcher.framework",
				"${TARGET_BUILD_DIR}/${FRAMEWORKS_FOLDER_PATH}/GoogleToolboxForMac.framework",
				"${TARGET_BUILD_DIR}/${FRAMEWORKS_FOLDER_PATH}/IQKeyboardManagerSwift.framework",
				"${TARGET_BUILD_DIR}/${FRAMEWORKS_FOLDER_PATH}/SwiftKeychainWrapper.framework",
				"${TARGET_BUILD_DIR}/${FRAMEWORKS_FOLDER_PATH}/TextFieldEffects.framework",
				"${TARGET_BUILD_DIR}/${FRAMEWORKS_FOLDER_PATH}/leveldb.framework",
				"${TARGET_BUILD_DIR}/${FRAMEWORKS_FOLDER_PATH}/nanopb.framework",
			);
			runOnlyForDeploymentPostprocessing = 0;
			shellPath = /bin/sh;
			shellScript = "\"${SRCROOT}/Pods/Target Support Files/Pods-Project Version 0_1/Pods-Project Version 0_1-frameworks.sh\"\n";
			showEnvVarsInLog = 0;
		};
/* End PBXShellScriptBuildPhase section */

/* Begin PBXSourcesBuildPhase section */
		A75F40011FC0B7C600495228 /* Sources */ = {
			isa = PBXSourcesBuildPhase;
			buildActionMask = 2147483647;
			files = (
				A73828381FC3E196003C1827 /* VerificationViewController.swift in Sources */,
				A72AFBD61FCDCE110018254E /* CreateDatabaseFunctions.swift in Sources */,
				A75F402F1FC1D3E300495228 /* UIViewDesign.swift in Sources */,
				A72705C71FC8A7E2006C2504 /* TempoaryAddImageViewController.swift in Sources */,
				A72AFBE61FCDEDA70018254E /* SendVerificationExtensions.swift in Sources */,
				A7407F071FC705D000DAAF44 /* ConstanctUserKeyValues.swift in Sources */,
				A73828321FC36379003C1827 /* ConstantCharacters.swift in Sources */,
				A7407F011FC4A83800DAAF44 /* AddImageVerificationViewController.swift in Sources */,
				A778D9E31FC9AE6200F38438 /* DatabaseUser.swift in Sources */,
				A75F40221FC0D99D00495228 /* LoginViewController.swift in Sources */,
				A75F40351FC238B600495228 /* StartPageViewController.swift in Sources */,
				A778D9E61FC9BC4900F38438 /* UserAttributeNames.swift in Sources */,
				A72AFBE31FCDE9BF0018254E /* DirectViewToOtherPagesFunctions.swift in Sources */,
				A72705C51FC8A2A6006C2504 /* User.swift in Sources */,
				A778D9FA1FC9D5DF00F38438 /* PageItemController.swift in Sources */,
				A7AFE0371FC3376500656A02 /* File.swift in Sources */,
				A75F400B1FC0B7C600495228 /* ViewController.swift in Sources */,
				A72705C31FC8973F006C2504 /* NavigationBarController.swift in Sources */,
				A72705CE1FC91E9D006C2504 /* PickUserProfilePictureFunctions.swift in Sources */,
				A75F40091FC0B7C600495228 /* AppDelegate.swift in Sources */,
				A72AFBD81FCDD2640018254E /* StorageConstantNames.swift in Sources */,
				A7407F091FC7951100DAAF44 /* ForgotPasswordViewController.swift in Sources */,
				A72AFBCF1FCCBCF30018254E /* PrepareUserProfileData.swift in Sources */,
				A75F40241FC0D9A600495228 /* RegisterViewController.swift in Sources */,
				A7407F0B1FC799FA00DAAF44 /* UIButtonExtensions.swift in Sources */,
				A72AFBDC1FCDE4150018254E /* SendEmailVerificationAgainFunctions.swift in Sources */,
				A73828301FC35DCB003C1827 /* Validation.swift in Sources */,
				A72AFBDE1FCDE8800018254E /* FirebaseDomainConstants.swift in Sources */,
				A72AFBEE1FCE796D0018254E /* UIImageViewExtensions.swift in Sources */,
				A7407F0D1FC79B1D00DAAF44 /* UITextFieldExtensions.swift in Sources */,
				A778D9FB1FC9D5DF00F38438 /* PageViewController.swift in Sources */,
				A72AFBE91FCDF77C0018254E /* InformationMessages.swift in Sources */,
				A72705C11FC885B8006C2504 /* MainPageViewController.swift in Sources */,
				A72AFBE01FCDE8D70018254E /* ProjectSettingsConstants.swift in Sources */,
				A75F40261FC0DBCC00495228 /* EntranceViewController.swift in Sources */,
			);
			runOnlyForDeploymentPostprocessing = 0;
		};
/* End PBXSourcesBuildPhase section */

/* Begin PBXVariantGroup section */
		A75F400C1FC0B7C600495228 /* Main.storyboard */ = {
			isa = PBXVariantGroup;
			children = (
				A75F400D1FC0B7C600495228 /* Base */,
			);
			name = Main.storyboard;
			sourceTree = "<group>";
		};
		A75F40111FC0B7C600495228 /* LaunchScreen.storyboard */ = {
			isa = PBXVariantGroup;
			children = (
				A75F40121FC0B7C600495228 /* Base */,
			);
			name = LaunchScreen.storyboard;
			sourceTree = "<group>";
		};
/* End PBXVariantGroup section */

/* Begin XCBuildConfiguration section */
		A75F40151FC0B7C600495228 /* Debug */ = {
			isa = XCBuildConfiguration;
			buildSettings = {
				ALWAYS_SEARCH_USER_PATHS = NO;
				CLANG_ANALYZER_NONNULL = YES;
				CLANG_ANALYZER_NUMBER_OBJECT_CONVERSION = YES_AGGRESSIVE;
				CLANG_CXX_LANGUAGE_STANDARD = "gnu++14";
				CLANG_CXX_LIBRARY = "libc++";
				CLANG_ENABLE_MODULES = YES;
				CLANG_ENABLE_OBJC_ARC = YES;
				CLANG_WARN_BLOCK_CAPTURE_AUTORELEASING = YES;
				CLANG_WARN_BOOL_CONVERSION = YES;
				CLANG_WARN_COMMA = YES;
				CLANG_WARN_CONSTANT_CONVERSION = YES;
				CLANG_WARN_DIRECT_OBJC_ISA_USAGE = YES_ERROR;
				CLANG_WARN_DOCUMENTATION_COMMENTS = YES;
				CLANG_WARN_EMPTY_BODY = YES;
				CLANG_WARN_ENUM_CONVERSION = YES;
				CLANG_WARN_INFINITE_RECURSION = YES;
				CLANG_WARN_INT_CONVERSION = YES;
				CLANG_WARN_NON_LITERAL_NULL_CONVERSION = YES;
				CLANG_WARN_OBJC_LITERAL_CONVERSION = YES;
				CLANG_WARN_OBJC_ROOT_CLASS = YES_ERROR;
				CLANG_WARN_RANGE_LOOP_ANALYSIS = YES;
				CLANG_WARN_STRICT_PROTOTYPES = YES;
				CLANG_WARN_SUSPICIOUS_MOVE = YES;
				CLANG_WARN_UNGUARDED_AVAILABILITY = YES_AGGRESSIVE;
				CLANG_WARN_UNREACHABLE_CODE = YES;
				CLANG_WARN__DUPLICATE_METHOD_MATCH = YES;
				CODE_SIGN_IDENTITY = "iPhone Developer";
				COPY_PHASE_STRIP = NO;
				DEBUG_INFORMATION_FORMAT = dwarf;
				ENABLE_STRICT_OBJC_MSGSEND = YES;
				ENABLE_TESTABILITY = YES;
				GCC_C_LANGUAGE_STANDARD = gnu11;
				GCC_DYNAMIC_NO_PIC = NO;
				GCC_NO_COMMON_BLOCKS = YES;
				GCC_OPTIMIZATION_LEVEL = 0;
				GCC_PREPROCESSOR_DEFINITIONS = (
					"DEBUG=1",
					"$(inherited)",
				);
				GCC_WARN_64_TO_32_BIT_CONVERSION = YES;
				GCC_WARN_ABOUT_RETURN_TYPE = YES_ERROR;
				GCC_WARN_UNDECLARED_SELECTOR = YES;
				GCC_WARN_UNINITIALIZED_AUTOS = YES_AGGRESSIVE;
				GCC_WARN_UNUSED_FUNCTION = YES;
				GCC_WARN_UNUSED_VARIABLE = YES;
				IPHONEOS_DEPLOYMENT_TARGET = 11.1;
				MTL_ENABLE_DEBUG_INFO = YES;
				ONLY_ACTIVE_ARCH = YES;
				SDKROOT = iphoneos;
				SWIFT_ACTIVE_COMPILATION_CONDITIONS = DEBUG;
				SWIFT_OPTIMIZATION_LEVEL = "-Onone";
			};
			name = Debug;
		};
		A75F40161FC0B7C600495228 /* Release */ = {
			isa = XCBuildConfiguration;
			buildSettings = {
				ALWAYS_SEARCH_USER_PATHS = NO;
				CLANG_ANALYZER_NONNULL = YES;
				CLANG_ANALYZER_NUMBER_OBJECT_CONVERSION = YES_AGGRESSIVE;
				CLANG_CXX_LANGUAGE_STANDARD = "gnu++14";
				CLANG_CXX_LIBRARY = "libc++";
				CLANG_ENABLE_MODULES = YES;
				CLANG_ENABLE_OBJC_ARC = YES;
				CLANG_WARN_BLOCK_CAPTURE_AUTORELEASING = YES;
				CLANG_WARN_BOOL_CONVERSION = YES;
				CLANG_WARN_COMMA = YES;
				CLANG_WARN_CONSTANT_CONVERSION = YES;
				CLANG_WARN_DIRECT_OBJC_ISA_USAGE = YES_ERROR;
				CLANG_WARN_DOCUMENTATION_COMMENTS = YES;
				CLANG_WARN_EMPTY_BODY = YES;
				CLANG_WARN_ENUM_CONVERSION = YES;
				CLANG_WARN_INFINITE_RECURSION = YES;
				CLANG_WARN_INT_CONVERSION = YES;
				CLANG_WARN_NON_LITERAL_NULL_CONVERSION = YES;
				CLANG_WARN_OBJC_LITERAL_CONVERSION = YES;
				CLANG_WARN_OBJC_ROOT_CLASS = YES_ERROR;
				CLANG_WARN_RANGE_LOOP_ANALYSIS = YES;
				CLANG_WARN_STRICT_PROTOTYPES = YES;
				CLANG_WARN_SUSPICIOUS_MOVE = YES;
				CLANG_WARN_UNGUARDED_AVAILABILITY = YES_AGGRESSIVE;
				CLANG_WARN_UNREACHABLE_CODE = YES;
				CLANG_WARN__DUPLICATE_METHOD_MATCH = YES;
				CODE_SIGN_IDENTITY = "iPhone Developer";
				COPY_PHASE_STRIP = NO;
				DEBUG_INFORMATION_FORMAT = "dwarf-with-dsym";
				ENABLE_NS_ASSERTIONS = NO;
				ENABLE_STRICT_OBJC_MSGSEND = YES;
				GCC_C_LANGUAGE_STANDARD = gnu11;
				GCC_NO_COMMON_BLOCKS = YES;
				GCC_WARN_64_TO_32_BIT_CONVERSION = YES;
				GCC_WARN_ABOUT_RETURN_TYPE = YES_ERROR;
				GCC_WARN_UNDECLARED_SELECTOR = YES;
				GCC_WARN_UNINITIALIZED_AUTOS = YES_AGGRESSIVE;
				GCC_WARN_UNUSED_FUNCTION = YES;
				GCC_WARN_UNUSED_VARIABLE = YES;
				IPHONEOS_DEPLOYMENT_TARGET = 11.1;
				MTL_ENABLE_DEBUG_INFO = NO;
				SDKROOT = iphoneos;
				SWIFT_OPTIMIZATION_LEVEL = "-Owholemodule";
				VALIDATE_PRODUCT = YES;
			};
			name = Release;
		};
		A75F40181FC0B7C600495228 /* Debug */ = {
			isa = XCBuildConfiguration;
			baseConfigurationReference = A148C3682F780F8F696B8FB2 /* Pods-Project Version 0_1.debug.xcconfig */;
			buildSettings = {
				ASSETCATALOG_COMPILER_APPICON_NAME = AppIcon;
				CODE_SIGN_ENTITLEMENTS = "Project Version 0_1/Project Version 0_1.entitlements";
				"CODE_SIGN_IDENTITY[sdk=iphoneos*]" = "iPhone Developer";
				CODE_SIGN_STYLE = Automatic;
				DEVELOPMENT_TEAM = ZVL2SV8VV7;
				INFOPLIST_FILE = "Project Version 0_1/Info.plist";
				IPHONEOS_DEPLOYMENT_TARGET = 9.3;
				LD_RUNPATH_SEARCH_PATHS = "$(inherited) @executable_path/Frameworks";
				PRODUCT_BUNDLE_IDENTIFIER = "com.erkutbas.Project-Version-0-1";
				PRODUCT_NAME = "$(TARGET_NAME)";
				PROVISIONING_PROFILE_SPECIFIER = "";
				SWIFT_VERSION = 4.0;
				TARGETED_DEVICE_FAMILY = "1,2";
			};
			name = Debug;
		};
		A75F40191FC0B7C600495228 /* Release */ = {
			isa = XCBuildConfiguration;
			baseConfigurationReference = 757CC8AC01F59DF3A869DAD9 /* Pods-Project Version 0_1.release.xcconfig */;
			buildSettings = {
				ASSETCATALOG_COMPILER_APPICON_NAME = AppIcon;
				CODE_SIGN_ENTITLEMENTS = "Project Version 0_1/Project Version 0_1.entitlements";
				"CODE_SIGN_IDENTITY[sdk=iphoneos*]" = "iPhone Developer";
				CODE_SIGN_STYLE = Automatic;
				DEVELOPMENT_TEAM = ZVL2SV8VV7;
				INFOPLIST_FILE = "Project Version 0_1/Info.plist";
				IPHONEOS_DEPLOYMENT_TARGET = 9.3;
				LD_RUNPATH_SEARCH_PATHS = "$(inherited) @executable_path/Frameworks";
				PRODUCT_BUNDLE_IDENTIFIER = "com.erkutbas.Project-Version-0-1";
				PRODUCT_NAME = "$(TARGET_NAME)";
				PROVISIONING_PROFILE_SPECIFIER = "";
				SWIFT_VERSION = 4.0;
				TARGETED_DEVICE_FAMILY = "1,2";
			};
			name = Release;
		};
/* End XCBuildConfiguration section */

/* Begin XCConfigurationList section */
		A75F40001FC0B7C600495228 /* Build configuration list for PBXProject "Project Version 0_1" */ = {
			isa = XCConfigurationList;
			buildConfigurations = (
				A75F40151FC0B7C600495228 /* Debug */,
				A75F40161FC0B7C600495228 /* Release */,
			);
			defaultConfigurationIsVisible = 0;
			defaultConfigurationName = Release;
		};
		A75F40171FC0B7C600495228 /* Build configuration list for PBXNativeTarget "Project Version 0_1" */ = {
			isa = XCConfigurationList;
			buildConfigurations = (
				A75F40181FC0B7C600495228 /* Debug */,
				A75F40191FC0B7C600495228 /* Release */,
			);
			defaultConfigurationIsVisible = 0;
			defaultConfigurationName = Release;
		};
/* End XCConfigurationList section */
	};
	rootObject = A75F3FFD1FC0B7C600495228 /* Project object */;
}
